// !$*UTF8*$!
{
	archiveVersion = 1;
	classes = {
	};
	objectVersion = 56;
	objects = {

/* Begin PBXBuildFile section */
		150CC29B2AEB747900527BED /* ItemDetailView.swift in Sources */ = {isa = PBXBuildFile; fileRef = 150CC29A2AEB747900527BED /* ItemDetailView.swift */; };
		153E11B42AE53C5600B173F5 /* Summary View.swift in Sources */ = {isa = PBXBuildFile; fileRef = 153E11B32AE53C5600B173F5 /* Summary View.swift */; };
		153E11B82AE53F9200B173F5 /* LeaderboardView.swift in Sources */ = {isa = PBXBuildFile; fileRef = 153E11B72AE53F9200B173F5 /* LeaderboardView.swift */; };
		156FE4C92B028EAF00B67615 /* LandingPageView.swift in Sources */ = {isa = PBXBuildFile; fileRef = 156FE4C82B028EAF00B67615 /* LandingPageView.swift */; };
		15A71DF52B0114A3000517EF /* RealTimeGame+GKMatchmakerViewControllerDelegate.swift in Sources */ = {isa = PBXBuildFile; fileRef = 15A71DE92B0114A2000517EF /* RealTimeGame+GKMatchmakerViewControllerDelegate.swift */; };
		15A71DF62B0114A3000517EF /* RealTimeGame+GKMatchDelegate.swift in Sources */ = {isa = PBXBuildFile; fileRef = 15A71DEA2B0114A2000517EF /* RealTimeGame+GKMatchDelegate.swift */; };
		15A71DF72B0114A3000517EF /* FriendsView.swift in Sources */ = {isa = PBXBuildFile; fileRef = 15A71DEB2B0114A2000517EF /* FriendsView.swift */; };
		15A71DF92B0114A3000517EF /* ContentView2.swift in Sources */ = {isa = PBXBuildFile; fileRef = 15A71DED2B0114A2000517EF /* ContentView2.swift */; };
		15A71DFA2B0114A3000517EF /* GameView.swift in Sources */ = {isa = PBXBuildFile; fileRef = 15A71DEE2B0114A2000517EF /* GameView.swift */; };
		15A71DFB2B0114A3000517EF /* RealTimeGame+Friends.swift in Sources */ = {isa = PBXBuildFile; fileRef = 15A71DEF2B0114A2000517EF /* RealTimeGame+Friends.swift */; };
		15A71DFC2B0114A3000517EF /* RealTimeGame.swift in Sources */ = {isa = PBXBuildFile; fileRef = 15A71DF12B0114A3000517EF /* RealTimeGame.swift */; };
		15A71DFD2B0114A3000517EF /* RealTimeGame+GKGameCenterViewController.swift in Sources */ = {isa = PBXBuildFile; fileRef = 15A71DF22B0114A3000517EF /* RealTimeGame+GKGameCenterViewController.swift */; };
		15A71DFE2B0114A3000517EF /* RealTimeGame+GKLocalPlayerListener.swift in Sources */ = {isa = PBXBuildFile; fileRef = 15A71DF32B0114A3000517EF /* RealTimeGame+GKLocalPlayerListener.swift */; };
		15A71DFF2B0114A3000517EF /* RealTimeGame+MatchData.swift in Sources */ = {isa = PBXBuildFile; fileRef = 15A71DF42B0114A3000517EF /* RealTimeGame+MatchData.swift */; };
		15B6CEEC2AFB3C540082118F /* NetworkMonitor.swift in Sources */ = {isa = PBXBuildFile; fileRef = 15B6CEEB2AFB3C540082118F /* NetworkMonitor.swift */; };
		15B6CEEE2AFB3E680082118F /* DisconnectedView.swift in Sources */ = {isa = PBXBuildFile; fileRef = 15B6CEED2AFB3E680082118F /* DisconnectedView.swift */; };
		15D24C3F2AD5D20F00AFE89B /* RouteSheet.swift in Sources */ = {isa = PBXBuildFile; fileRef = 15D24C3E2AD5D20F00AFE89B /* RouteSheet.swift */; };
		15D24C412AD5D23C00AFE89B /* CustomContent.swift in Sources */ = {isa = PBXBuildFile; fileRef = 15D24C402AD5D23C00AFE89B /* CustomContent.swift */; };
		15D24C432AD6942E00AFE89B /* ViewModel.swift in Sources */ = {isa = PBXBuildFile; fileRef = 15D24C422AD6942E00AFE89B /* ViewModel.swift */; };
		15D24CB92ADD325700AFE89B /* MainView.swift in Sources */ = {isa = PBXBuildFile; fileRef = 15D24CB82ADD325700AFE89B /* MainView.swift */; };
		15D24CBB2ADD328000AFE89B /* SegmentTabView.swift in Sources */ = {isa = PBXBuildFile; fileRef = 15D24CBA2ADD328000AFE89B /* SegmentTabView.swift */; };
		15D24CBD2ADD32E300AFE89B /* ExploreView.swift in Sources */ = {isa = PBXBuildFile; fileRef = 15D24CBC2ADD32E300AFE89B /* ExploreView.swift */; };
		15D24CBF2ADD372400AFE89B /* ActivityView.swift in Sources */ = {isa = PBXBuildFile; fileRef = 15D24CBE2ADD372400AFE89B /* ActivityView.swift */; };
		15D24D152AE0FA9400AFE89B /* DuelModeView.swift in Sources */ = {isa = PBXBuildFile; fileRef = 15D24D142AE0FA9400AFE89B /* DuelModeView.swift */; };
		15D24D172AE0FAB600AFE89B /* ProfileView.swift in Sources */ = {isa = PBXBuildFile; fileRef = 15D24D162AE0FAB600AFE89B /* ProfileView.swift */; };
		6A0DFC712AFA85A400E0F324 /* InformationView.swift in Sources */ = {isa = PBXBuildFile; fileRef = 6A0DFC702AFA85A400E0F324 /* InformationView.swift */; };
		6A0DFC772AFA96C500E0F324 /* Room.swift in Sources */ = {isa = PBXBuildFile; fileRef = 6A0DFC762AFA96C500E0F324 /* Room.swift */; };
		6A0DFC792AFA96D500E0F324 /* RoomManager.swift in Sources */ = {isa = PBXBuildFile; fileRef = 6A0DFC782AFA96D500E0F324 /* RoomManager.swift */; };
		6A0DFC7B2AFA96E600E0F324 /* RoomDatabase.swift in Sources */ = {isa = PBXBuildFile; fileRef = 6A0DFC7A2AFA96E600E0F324 /* RoomDatabase.swift */; };
		6A0DFC7D2AFA974800E0F324 /* CreateRoomView.swift in Sources */ = {isa = PBXBuildFile; fileRef = 6A0DFC7C2AFA974800E0F324 /* CreateRoomView.swift */; };
		6A0DFC802AFA977C00E0F324 /* LobbyView.swift in Sources */ = {isa = PBXBuildFile; fileRef = 6A0DFC7F2AFA977C00E0F324 /* LobbyView.swift */; };
		6A0DFC822AFA978E00E0F324 /* LandingPageView.swift in Sources */ = {isa = PBXBuildFile; fileRef = 6A0DFC812AFA978E00E0F324 /* LandingPageView.swift */; };
		6A0DFC842AFA97AE00E0F324 /* DuelView.swift in Sources */ = {isa = PBXBuildFile; fileRef = 6A0DFC832AFA97AE00E0F324 /* DuelView.swift */; };
		6A0DFC862AFA97C500E0F324 /* JoinRoomView.swift in Sources */ = {isa = PBXBuildFile; fileRef = 6A0DFC852AFA97C500E0F324 /* JoinRoomView.swift */; };
		6A0DFC882AFA97D900E0F324 /* ChooseItemView.swift in Sources */ = {isa = PBXBuildFile; fileRef = 6A0DFC872AFA97D900E0F324 /* ChooseItemView.swift */; };
		6A0DFC8A2AFA97EB00E0F324 /* ResultView.swift in Sources */ = {isa = PBXBuildFile; fileRef = 6A0DFC892AFA97EB00E0F324 /* ResultView.swift */; };
		6A0DFC8D2AFA980900E0F324 /* TimePickerView.swift in Sources */ = {isa = PBXBuildFile; fileRef = 6A0DFC8C2AFA980900E0F324 /* TimePickerView.swift */; };
		6A0DFC8F2AFA981800E0F324 /* ItemsSheet.swift in Sources */ = {isa = PBXBuildFile; fileRef = 6A0DFC8E2AFA981800E0F324 /* ItemsSheet.swift */; };
		6A0DFC912AFA983000E0F324 /* ChosenItemContainer.swift in Sources */ = {isa = PBXBuildFile; fileRef = 6A0DFC902AFA983000E0F324 /* ChosenItemContainer.swift */; };
		6A0DFC932AFA984100E0F324 /* ItemDescriptionContainer.swift in Sources */ = {isa = PBXBuildFile; fileRef = 6A0DFC922AFA984100E0F324 /* ItemDescriptionContainer.swift */; };
		6A0DFC952AFA985100E0F324 /* ShareLink.swift in Sources */ = {isa = PBXBuildFile; fileRef = 6A0DFC942AFA985100E0F324 /* ShareLink.swift */; };
		6A0DFC972AFA986200E0F324 /* DuelAnimation.swift in Sources */ = {isa = PBXBuildFile; fileRef = 6A0DFC962AFA986200E0F324 /* DuelAnimation.swift */; };
		6A0DFC992AFA987500E0F324 /* LoadingAnimation.swift in Sources */ = {isa = PBXBuildFile; fileRef = 6A0DFC982AFA987500E0F324 /* LoadingAnimation.swift */; };
		6A1000112B07A8B300B15BCD /* DuelItem.swift in Sources */ = {isa = PBXBuildFile; fileRef = 6A1000102B07A8B300B15BCD /* DuelItem.swift */; };
		6A1000132B07A8DE00B15BCD /* ItemStatus.swift in Sources */ = {isa = PBXBuildFile; fileRef = 6A1000122B07A8DE00B15BCD /* ItemStatus.swift */; };
		6A1000152B07A8F900B15BCD /* Player.swift in Sources */ = {isa = PBXBuildFile; fileRef = 6A1000142B07A8F900B15BCD /* Player.swift */; };
		6A1000172B07A91B00B15BCD /* ScrollViewDuel.swift in Sources */ = {isa = PBXBuildFile; fileRef = 6A1000162B07A91B00B15BCD /* ScrollViewDuel.swift */; };
		6A1000192B07A92F00B15BCD /* TimeLeft.swift in Sources */ = {isa = PBXBuildFile; fileRef = 6A1000182B07A92F00B15BCD /* TimeLeft.swift */; };
		6A10001B2B07A94D00B15BCD /* AttackedView.swift in Sources */ = {isa = PBXBuildFile; fileRef = 6A10001A2B07A94D00B15BCD /* AttackedView.swift */; };
		6A10001D2B07A95F00B15BCD /* BoostView.swift in Sources */ = {isa = PBXBuildFile; fileRef = 6A10001C2B07A95F00B15BCD /* BoostView.swift */; };
		6A10001F2B07A96F00B15BCD /* DuelModeView.swift in Sources */ = {isa = PBXBuildFile; fileRef = 6A10001E2B07A96F00B15BCD /* DuelModeView.swift */; };
		6A1000212B07A98C00B15BCD /* ResultView.swift in Sources */ = {isa = PBXBuildFile; fileRef = 6A1000202B07A98C00B15BCD /* ResultView.swift */; };
		6A3C86212AEB6DB000D73FDF /* DollarBillsWatchApp.swift in Sources */ = {isa = PBXBuildFile; fileRef = 6A3C86202AEB6DB000D73FDF /* DollarBillsWatchApp.swift */; };
		6A3C86252AEB6DB100D73FDF /* Assets.xcassets in Resources */ = {isa = PBXBuildFile; fileRef = 6A3C86242AEB6DB100D73FDF /* Assets.xcassets */; };
		6A3C86282AEB6DB100D73FDF /* Preview Assets.xcassets in Resources */ = {isa = PBXBuildFile; fileRef = 6A3C86272AEB6DB100D73FDF /* Preview Assets.xcassets */; };
		6A8E798A2AEED65800A927C3 /* CountdownView.swift in Sources */ = {isa = PBXBuildFile; fileRef = 6A8E79892AEED65800A927C3 /* CountdownView.swift */; };
		6A8E798C2AEED69800A927C3 /* RunViewTab.swift in Sources */ = {isa = PBXBuildFile; fileRef = 6A8E798B2AEED69800A927C3 /* RunViewTab.swift */; };
		6A8E798E2AEED79F00A927C3 /* ControlView.swift in Sources */ = {isa = PBXBuildFile; fileRef = 6A8E798D2AEED79F00A927C3 /* ControlView.swift */; };
		6A8E79902AEED7C400A927C3 /* RunMainView.swift in Sources */ = {isa = PBXBuildFile; fileRef = 6A8E798F2AEED7C400A927C3 /* RunMainView.swift */; };
		6A8E79922AEED7CF00A927C3 /* RunMetricsView.swift in Sources */ = {isa = PBXBuildFile; fileRef = 6A8E79912AEED7CF00A927C3 /* RunMetricsView.swift */; };
		6A8E79942AEED7D800A927C3 /* RunMapView.swift in Sources */ = {isa = PBXBuildFile; fileRef = 6A8E79932AEED7D800A927C3 /* RunMapView.swift */; };
		6A8E79962AEEDEE600A927C3 /* RunDirectionView.swift in Sources */ = {isa = PBXBuildFile; fileRef = 6A8E79952AEEDEE600A927C3 /* RunDirectionView.swift */; };
		6A8E799A2AEF4D4B00A927C3 /* FinishRunView.swift in Sources */ = {isa = PBXBuildFile; fileRef = 6A8E79992AEF4D4B00A927C3 /* FinishRunView.swift */; };
		6A8E799C2AEF538E00A927C3 /* ItemProgress.swift in Sources */ = {isa = PBXBuildFile; fileRef = 6A8E799B2AEF538E00A927C3 /* ItemProgress.swift */; };
		6A8E799E2AEF562500A927C3 /* PopUp.swift in Sources */ = {isa = PBXBuildFile; fileRef = 6A8E799D2AEF562500A927C3 /* PopUp.swift */; };
		6A8E79A02AF203EC00A927C3 /* VerticalTabView.swift in Sources */ = {isa = PBXBuildFile; fileRef = 6A8E799F2AF203EC00A927C3 /* VerticalTabView.swift */; };
		6A95858A2AEE6FC0001AD5D8 /* LoadingView.swift in Sources */ = {isa = PBXBuildFile; fileRef = 6A9585892AEE6FC0001AD5D8 /* LoadingView.swift */; };
		6A9585912AEE7390001AD5D8 /* GIFImage.swift in Sources */ = {isa = PBXBuildFile; fileRef = 6A9585902AEE7390001AD5D8 /* GIFImage.swift */; };
		6A9585932AEE7DC5001AD5D8 /* MapView.swift in Sources */ = {isa = PBXBuildFile; fileRef = 6A9585922AEE7DC5001AD5D8 /* MapView.swift */; };
		6A9585952AEEBFDE001AD5D8 /* RouteDetailView.swift in Sources */ = {isa = PBXBuildFile; fileRef = 6A9585942AEEBFDE001AD5D8 /* RouteDetailView.swift */; };
		6A9585972AEEBFF3001AD5D8 /* RouteSheet.swift in Sources */ = {isa = PBXBuildFile; fileRef = 6A9585962AEEBFF3001AD5D8 /* RouteSheet.swift */; };
		6A9585992AEEC263001AD5D8 /* ElevationGraph.swift in Sources */ = {isa = PBXBuildFile; fileRef = 6A9585982AEEC263001AD5D8 /* ElevationGraph.swift */; };
		6A95859B2AEEC3F8001AD5D8 /* Button.swift in Sources */ = {isa = PBXBuildFile; fileRef = 6A95859A2AEEC3F8001AD5D8 /* Button.swift */; };
		6A95859D2AEECC48001AD5D8 /* Countdown.swift in Sources */ = {isa = PBXBuildFile; fileRef = 6A95859C2AEECC48001AD5D8 /* Countdown.swift */; };
		9B08B0CB2AE76D2C00021F79 /* HeartRate.swift in Sources */ = {isa = PBXBuildFile; fileRef = 9B08B0CA2AE76D2C00021F79 /* HeartRate.swift */; };
		9B29AA1F2AD7B362007DBEA5 /* RunView.swift in Sources */ = {isa = PBXBuildFile; fileRef = 9B29AA1E2AD7B362007DBEA5 /* RunView.swift */; };
		9B5133162AFB31880002A5C0 /* WorkoutManager.swift in Sources */ = {isa = PBXBuildFile; fileRef = 9B5133152AFB31880002A5C0 /* WorkoutManager.swift */; };
		9B5133192AFB3FB10002A5C0 /* ElapsedTimeView.swift in Sources */ = {isa = PBXBuildFile; fileRef = 9B5133182AFB3FB10002A5C0 /* ElapsedTimeView.swift */; };
		9B5272A82B0366EB00E70AA7 /* DollarBillsWatch Watch App.app in Embed Watch Content */ = {isa = PBXBuildFile; fileRef = 6A3C861E2AEB6DB000D73FDF /* DollarBillsWatch Watch App.app */; settings = {ATTRIBUTES = (RemoveHeadersOnCopy, ); }; };
		9B5272AA2B03E58C00E70AA7 /* NearestRouteCard.swift in Sources */ = {isa = PBXBuildFile; fileRef = 9B5272A92B03E58C00E70AA7 /* NearestRouteCard.swift */; };
		9B5272AB2B0479E500E70AA7 /* Routes.swift in Sources */ = {isa = PBXBuildFile; fileRef = E195B66B2AE0D32E00FB32C1 /* Routes.swift */; };
		9B5272AE2B04C4B500E70AA7 /* Utilities.swift in Sources */ = {isa = PBXBuildFile; fileRef = E168B99A2ACD4C5400CF56D9 /* Utilities.swift */; };
		9B81019D2AFC84B300FA4E1A /* WatchToPhone.swift in Sources */ = {isa = PBXBuildFile; fileRef = 9B81019C2AFC84B300FA4E1A /* WatchToPhone.swift */; };
		9B81019F2AFC98EB00FA4E1A /* PhoneToWatch.swift in Sources */ = {isa = PBXBuildFile; fileRef = 9B81019E2AFC98EB00FA4E1A /* PhoneToWatch.swift */; };
		9B8101AA2B00A2BD00FA4E1A /* LocationManager.swift in Sources */ = {isa = PBXBuildFile; fileRef = 9B8101A92B00A2BD00FA4E1A /* LocationManager.swift */; };
		9BBD127F2B09FC1200C6AEF3 /* RecentRouteCard.swift in Sources */ = {isa = PBXBuildFile; fileRef = 9B5272AC2B04BFF100E70AA7 /* RecentRouteCard.swift */; };
		9BD93E372ACEB177004862F7 /* Workout.swift in Sources */ = {isa = PBXBuildFile; fileRef = 9BD93E362ACEB177004862F7 /* Workout.swift */; };
		9BD93E3A2ACEB1CC004862F7 /* CLLocation.swift in Sources */ = {isa = PBXBuildFile; fileRef = 9BD93E392ACEB1CC004862F7 /* CLLocation.swift */; };
		9BD93E3D2ACEB1EE004862F7 /* Date.swift in Sources */ = {isa = PBXBuildFile; fileRef = 9BD93E3C2ACEB1EE004862F7 /* Date.swift */; };
		9BD93E3F2ACEB2CC004862F7 /* HKHelper.swift in Sources */ = {isa = PBXBuildFile; fileRef = 9BD93E3E2ACEB2CC004862F7 /* HKHelper.swift */; };
		9BD93E432ACEB615004862F7 /* WorkoutDate.swift in Sources */ = {isa = PBXBuildFile; fileRef = 9BD93E422ACEB615004862F7 /* WorkoutDate.swift */; };
		9BD93E452ACEB6EB004862F7 /* MyError.swift in Sources */ = {isa = PBXBuildFile; fileRef = 9BD93E442ACEB6EB004862F7 /* MyError.swift */; };
		9BD93E472ACEC20F004862F7 /* PermissionView.swift in Sources */ = {isa = PBXBuildFile; fileRef = 9BD93E462ACEC20F004862F7 /* PermissionView.swift */; };
		9BD93E492ACEC7CC004862F7 /* WorkoutMenuView.swift in Sources */ = {isa = PBXBuildFile; fileRef = 9BD93E482ACEC7CC004862F7 /* WorkoutMenuView.swift */; };
		9BD93E4D2ACF209D004862F7 /* ViewExt.swift in Sources */ = {isa = PBXBuildFile; fileRef = 9BD93E4C2ACF209D004862F7 /* ViewExt.swift */; };
		9BD93E4F2ACF2248004862F7 /* ErrorView.swift in Sources */ = {isa = PBXBuildFile; fileRef = 9BD93E4E2ACF2248004862F7 /* ErrorView.swift */; };
		9BD93E532ACF2A81004862F7 /* HealthKit.framework in Frameworks */ = {isa = PBXBuildFile; fileRef = 9BD93E522ACF2A81004862F7 /* HealthKit.framework */; };
		9BD93E552ACF2A87004862F7 /* MapKit.framework in Frameworks */ = {isa = PBXBuildFile; fileRef = 9BD93E542ACF2A87004862F7 /* MapKit.framework */; };
		9BD93E592ACFFD73004862F7 /* WorkoutBar.swift in Sources */ = {isa = PBXBuildFile; fileRef = 9BD93E582ACFFD73004862F7 /* WorkoutBar.swift */; };
		E1347E402AC43557008224CF /* DollarBillsApp.swift in Sources */ = {isa = PBXBuildFile; fileRef = E1347E3F2AC43557008224CF /* DollarBillsApp.swift */; };
		E1347E422AC43557008224CF /* ContentView.swift in Sources */ = {isa = PBXBuildFile; fileRef = E1347E412AC43557008224CF /* ContentView.swift */; };
		E1347E442AC43558008224CF /* Assets.xcassets in Resources */ = {isa = PBXBuildFile; fileRef = E1347E432AC43558008224CF /* Assets.xcassets */; };
		E1347E472AC43558008224CF /* Preview Assets.xcassets in Resources */ = {isa = PBXBuildFile; fileRef = E1347E462AC43558008224CF /* Preview Assets.xcassets */; };
		E1563EB22AFB2DC100BDD638 /* ROTWSheet.swift in Sources */ = {isa = PBXBuildFile; fileRef = E1563EB12AFB2DC100BDD638 /* ROTWSheet.swift */; };
		E1563EB42AFB9B1E00BDD638 /* LobbyPlayerName.swift in Sources */ = {isa = PBXBuildFile; fileRef = E1563EB32AFB9B1E00BDD638 /* LobbyPlayerName.swift */; };
		E1563EB62AFC0DBA00BDD638 /* TimePicker.swift in Sources */ = {isa = PBXBuildFile; fileRef = E1563EB52AFC0DBA00BDD638 /* TimePicker.swift */; };
		E15C45942AF3AA8D00D215AB /* Haptics.swift in Sources */ = {isa = PBXBuildFile; fileRef = E15C45932AF3AA8D00D215AB /* Haptics.swift */; };
		E15C45962AF4940200D215AB /* LeaderboardDetailView.swift in Sources */ = {isa = PBXBuildFile; fileRef = E15C45952AF4940200D215AB /* LeaderboardDetailView.swift */; };
		E15C459A2AF7FE2700D215AB /* Duel.swift in Sources */ = {isa = PBXBuildFile; fileRef = E15C45992AF7FE2700D215AB /* Duel.swift */; };
		E16796902AD8E27600340093 /* ExtensionColor.swift in Sources */ = {isa = PBXBuildFile; fileRef = E167968F2AD8E27600340093 /* ExtensionColor.swift */; };
		E16796932AD94B8E00340093 /* OnboardingView.swift in Sources */ = {isa = PBXBuildFile; fileRef = E16796922AD94B8E00340093 /* OnboardingView.swift */; };
		E167969B2ADDA4A600340093 /* RouteCards.swift in Sources */ = {isa = PBXBuildFile; fileRef = E167969A2ADDA4A600340093 /* RouteCards.swift */; };
		E168B9992ACD4C2200CF56D9 /* createMap.swift in Sources */ = {isa = PBXBuildFile; fileRef = E168B9982ACD4C2200CF56D9 /* createMap.swift */; };
		E168B99B2ACD4C5400CF56D9 /* Utilities.swift in Sources */ = {isa = PBXBuildFile; fileRef = E168B99A2ACD4C5400CF56D9 /* Utilities.swift */; };
		E168B99D2ACD4CFA00CF56D9 /* MapView.swift in Sources */ = {isa = PBXBuildFile; fileRef = E168B99C2ACD4CFA00CF56D9 /* MapView.swift */; };
		E168B99F2ACEAAE400CF56D9 /* Items.swift in Sources */ = {isa = PBXBuildFile; fileRef = E168B99E2ACEAAE400CF56D9 /* Items.swift */; };
		E1806C5B2AF8EE88007A122A /* Supabase in Frameworks */ = {isa = PBXBuildFile; productRef = E1806C5A2AF8EE88007A122A /* Supabase */; };
		E1806C5F2AF93C0C007A122A /* SupaExt.swift in Sources */ = {isa = PBXBuildFile; fileRef = E1806C5E2AF93C0C007A122A /* SupaExt.swift */; };
		E1806C612AF942EE007A122A /* ViewModelExt.swift in Sources */ = {isa = PBXBuildFile; fileRef = E1806C602AF942EE007A122A /* ViewModelExt.swift */; };
		E1806C632AF94884007A122A /* Supabase.swift in Sources */ = {isa = PBXBuildFile; fileRef = E1806C622AF94884007A122A /* Supabase.swift */; };
		E1806C652AF9E0D8007A122A /* SupaModel.swift in Sources */ = {isa = PBXBuildFile; fileRef = E1806C642AF9E0D8007A122A /* SupaModel.swift */; };
		E1806C672AFA868A007A122A /* ROTWMapView.swift in Sources */ = {isa = PBXBuildFile; fileRef = E1806C662AFA868A007A122A /* ROTWMapView.swift */; };
		E1941FFE2AE28F8500E29394 /* NearestToYouDetailView.swift in Sources */ = {isa = PBXBuildFile; fileRef = E1941FFD2AE28F8500E29394 /* NearestToYouDetailView.swift */; };
		E19420002AE38C7E00E29394 /* NearestRouteDetailCard.swift in Sources */ = {isa = PBXBuildFile; fileRef = E1941FFF2AE38C7E00E29394 /* NearestRouteDetailCard.swift */; };
		E19420042AE40DBE00E29394 /* CountdownView.swift in Sources */ = {isa = PBXBuildFile; fileRef = E19420032AE40DBE00E29394 /* CountdownView.swift */; };
		E19420172AE668EA00E29394 /* RoutesOfTheWeek.swift in Sources */ = {isa = PBXBuildFile; fileRef = E19420162AE668EA00E29394 /* RoutesOfTheWeek.swift */; };
		E194201F2AE916DF00E29394 /* SnapCarouselView.swift in Sources */ = {isa = PBXBuildFile; fileRef = E194201E2AE916DF00E29394 /* SnapCarouselView.swift */; };
		E195B66C2AE0D32E00FB32C1 /* Routes.swift in Sources */ = {isa = PBXBuildFile; fileRef = E195B66B2AE0D32E00FB32C1 /* Routes.swift */; };
		E195B66E2AE0EFEE00FB32C1 /* NearestRouteCard.swift in Sources */ = {isa = PBXBuildFile; fileRef = E195B66D2AE0EFEE00FB32C1 /* NearestRouteCard.swift */; };
		E195B6722AE219DA00FB32C1 /* QokkaPickCard.swift in Sources */ = {isa = PBXBuildFile; fileRef = E195B6712AE219DA00FB32C1 /* QokkaPickCard.swift */; };
		E1A093712AD7E8A000A8A4AC /* PauseRunView.swift in Sources */ = {isa = PBXBuildFile; fileRef = E1A093702AD7E8A000A8A4AC /* PauseRunView.swift */; };
		E1B78C352B0B1E570015C3B1 /* GameFromWatch.swift in Sources */ = {isa = PBXBuildFile; fileRef = E1B78C342B0B1E570015C3B1 /* GameFromWatch.swift */; };
		E1B78C362B0B412A0015C3B1 /* Assets.xcassets in Resources */ = {isa = PBXBuildFile; fileRef = E1347E432AC43558008224CF /* Assets.xcassets */; };
		E1B78C382B0B435C0015C3B1 /* GameFromWatch+MatchData.swift in Sources */ = {isa = PBXBuildFile; fileRef = E1B78C372B0B435C0015C3B1 /* GameFromWatch+MatchData.swift */; };
		E1B78C3A2B0B50420015C3B1 /* RealTimeGame+Watch.swift in Sources */ = {isa = PBXBuildFile; fileRef = E1B78C392B0B50420015C3B1 /* RealTimeGame+Watch.swift */; };
		E1BBAD412B036E0800EA9140 /* JWT.swift in Sources */ = {isa = PBXBuildFile; fileRef = E1BBAD402B036E0800EA9140 /* JWT.swift */; };
		E1BBAD452B06593000EA9140 /* RequestURL.swift in Sources */ = {isa = PBXBuildFile; fileRef = E1BBAD442B06593000EA9140 /* RequestURL.swift */; };
		E1BBAD472B0724A600EA9140 /* SwiftJWT in Frameworks */ = {isa = PBXBuildFile; productRef = E1BBAD462B0724A600EA9140 /* SwiftJWT */; };
		E1F12D2C2B0C54DF00F6ED9D /* Items.swift in Sources */ = {isa = PBXBuildFile; fileRef = E168B99E2ACEAAE400CF56D9 /* Items.swift */; };
		E1FE623A2AEB5A6400D1736C /* GifImage.swift in Sources */ = {isa = PBXBuildFile; fileRef = E1FE62392AEB5A6400D1736C /* GifImage.swift */; };
		E1FE623C2AEB5C3C00D1736C /* spruto lari.gif in Resources */ = {isa = PBXBuildFile; fileRef = E1FE623B2AEB5C3C00D1736C /* spruto lari.gif */; };
		E1FE623E2AECBF4300D1736C /* SummaryDetailView.swift in Sources */ = {isa = PBXBuildFile; fileRef = E1FE623D2AECBF4300D1736C /* SummaryDetailView.swift */; };
/* End PBXBuildFile section */

/* Begin PBXContainerItemProxy section */
		6A3C86292AEB6DB100D73FDF /* PBXContainerItemProxy */ = {
			isa = PBXContainerItemProxy;
			containerPortal = E1347E342AC43557008224CF /* Project object */;
			proxyType = 1;
			remoteGlobalIDString = 6A3C861D2AEB6DB000D73FDF;
			remoteInfo = "DollarBillsWatch Watch App";
		};
/* End PBXContainerItemProxy section */

/* Begin PBXCopyFilesBuildPhase section */
		6A3C862F2AEB6DB100D73FDF /* Embed Watch Content */ = {
			isa = PBXCopyFilesBuildPhase;
			buildActionMask = 2147483647;
			dstPath = "$(CONTENTS_FOLDER_PATH)/Watch";
			dstSubfolderSpec = 16;
			files = (
				9B5272A82B0366EB00E70AA7 /* DollarBillsWatch Watch App.app in Embed Watch Content */,
			);
			name = "Embed Watch Content";
			runOnlyForDeploymentPostprocessing = 0;
		};
/* End PBXCopyFilesBuildPhase section */

/* Begin PBXFileReference section */
		150CC29A2AEB747900527BED /* ItemDetailView.swift */ = {isa = PBXFileReference; lastKnownFileType = sourcecode.swift; path = ItemDetailView.swift; sourceTree = "<group>"; };
		153E11B32AE53C5600B173F5 /* Summary View.swift */ = {isa = PBXFileReference; lastKnownFileType = sourcecode.swift; path = "Summary View.swift"; sourceTree = "<group>"; };
		153E11B72AE53F9200B173F5 /* LeaderboardView.swift */ = {isa = PBXFileReference; lastKnownFileType = sourcecode.swift; path = LeaderboardView.swift; sourceTree = "<group>"; };
		156FE4C82B028EAF00B67615 /* LandingPageView.swift */ = {isa = PBXFileReference; fileEncoding = 4; lastKnownFileType = sourcecode.swift; path = LandingPageView.swift; sourceTree = "<group>"; };
		15A71DE92B0114A2000517EF /* RealTimeGame+GKMatchmakerViewControllerDelegate.swift */ = {isa = PBXFileReference; fileEncoding = 4; lastKnownFileType = sourcecode.swift; path = "RealTimeGame+GKMatchmakerViewControllerDelegate.swift"; sourceTree = "<group>"; };
		15A71DEA2B0114A2000517EF /* RealTimeGame+GKMatchDelegate.swift */ = {isa = PBXFileReference; fileEncoding = 4; lastKnownFileType = sourcecode.swift; path = "RealTimeGame+GKMatchDelegate.swift"; sourceTree = "<group>"; };
		15A71DEB2B0114A2000517EF /* FriendsView.swift */ = {isa = PBXFileReference; fileEncoding = 4; lastKnownFileType = sourcecode.swift; path = FriendsView.swift; sourceTree = "<group>"; };
		15A71DED2B0114A2000517EF /* ContentView2.swift */ = {isa = PBXFileReference; fileEncoding = 4; lastKnownFileType = sourcecode.swift; path = ContentView2.swift; sourceTree = "<group>"; };
		15A71DEE2B0114A2000517EF /* GameView.swift */ = {isa = PBXFileReference; fileEncoding = 4; lastKnownFileType = sourcecode.swift; path = GameView.swift; sourceTree = "<group>"; };
		15A71DEF2B0114A2000517EF /* RealTimeGame+Friends.swift */ = {isa = PBXFileReference; fileEncoding = 4; lastKnownFileType = sourcecode.swift; path = "RealTimeGame+Friends.swift"; sourceTree = "<group>"; };
		15A71DF12B0114A3000517EF /* RealTimeGame.swift */ = {isa = PBXFileReference; fileEncoding = 4; lastKnownFileType = sourcecode.swift; path = RealTimeGame.swift; sourceTree = "<group>"; };
		15A71DF22B0114A3000517EF /* RealTimeGame+GKGameCenterViewController.swift */ = {isa = PBXFileReference; fileEncoding = 4; lastKnownFileType = sourcecode.swift; path = "RealTimeGame+GKGameCenterViewController.swift"; sourceTree = "<group>"; };
		15A71DF32B0114A3000517EF /* RealTimeGame+GKLocalPlayerListener.swift */ = {isa = PBXFileReference; fileEncoding = 4; lastKnownFileType = sourcecode.swift; path = "RealTimeGame+GKLocalPlayerListener.swift"; sourceTree = "<group>"; };
		15A71DF42B0114A3000517EF /* RealTimeGame+MatchData.swift */ = {isa = PBXFileReference; fileEncoding = 4; lastKnownFileType = sourcecode.swift; path = "RealTimeGame+MatchData.swift"; sourceTree = "<group>"; };
		15B6CEEB2AFB3C540082118F /* NetworkMonitor.swift */ = {isa = PBXFileReference; lastKnownFileType = sourcecode.swift; path = NetworkMonitor.swift; sourceTree = "<group>"; };
		15B6CEED2AFB3E680082118F /* DisconnectedView.swift */ = {isa = PBXFileReference; lastKnownFileType = sourcecode.swift; path = DisconnectedView.swift; sourceTree = "<group>"; };
		15D24C3E2AD5D20F00AFE89B /* RouteSheet.swift */ = {isa = PBXFileReference; lastKnownFileType = sourcecode.swift; path = RouteSheet.swift; sourceTree = "<group>"; };
		15D24C402AD5D23C00AFE89B /* CustomContent.swift */ = {isa = PBXFileReference; lastKnownFileType = sourcecode.swift; path = CustomContent.swift; sourceTree = "<group>"; };
		15D24C422AD6942E00AFE89B /* ViewModel.swift */ = {isa = PBXFileReference; lastKnownFileType = sourcecode.swift; path = ViewModel.swift; sourceTree = "<group>"; };
		15D24CB82ADD325700AFE89B /* MainView.swift */ = {isa = PBXFileReference; lastKnownFileType = sourcecode.swift; path = MainView.swift; sourceTree = "<group>"; };
		15D24CBA2ADD328000AFE89B /* SegmentTabView.swift */ = {isa = PBXFileReference; lastKnownFileType = sourcecode.swift; path = SegmentTabView.swift; sourceTree = "<group>"; };
		15D24CBC2ADD32E300AFE89B /* ExploreView.swift */ = {isa = PBXFileReference; lastKnownFileType = sourcecode.swift; path = ExploreView.swift; sourceTree = "<group>"; };
		15D24CBE2ADD372400AFE89B /* ActivityView.swift */ = {isa = PBXFileReference; lastKnownFileType = sourcecode.swift; path = ActivityView.swift; sourceTree = "<group>"; };
		15D24D142AE0FA9400AFE89B /* DuelModeView.swift */ = {isa = PBXFileReference; lastKnownFileType = sourcecode.swift; path = DuelModeView.swift; sourceTree = "<group>"; };
		15D24D162AE0FAB600AFE89B /* ProfileView.swift */ = {isa = PBXFileReference; lastKnownFileType = sourcecode.swift; path = ProfileView.swift; sourceTree = "<group>"; };
		6A0DFC702AFA85A400E0F324 /* InformationView.swift */ = {isa = PBXFileReference; lastKnownFileType = sourcecode.swift; path = InformationView.swift; sourceTree = "<group>"; };
		6A0DFC762AFA96C500E0F324 /* Room.swift */ = {isa = PBXFileReference; lastKnownFileType = sourcecode.swift; path = Room.swift; sourceTree = "<group>"; };
		6A0DFC782AFA96D500E0F324 /* RoomManager.swift */ = {isa = PBXFileReference; lastKnownFileType = sourcecode.swift; path = RoomManager.swift; sourceTree = "<group>"; };
		6A0DFC7A2AFA96E600E0F324 /* RoomDatabase.swift */ = {isa = PBXFileReference; lastKnownFileType = sourcecode.swift; path = RoomDatabase.swift; sourceTree = "<group>"; };
		6A0DFC7C2AFA974800E0F324 /* CreateRoomView.swift */ = {isa = PBXFileReference; lastKnownFileType = sourcecode.swift; path = CreateRoomView.swift; sourceTree = "<group>"; };
		6A0DFC7F2AFA977C00E0F324 /* LobbyView.swift */ = {isa = PBXFileReference; lastKnownFileType = sourcecode.swift; path = LobbyView.swift; sourceTree = "<group>"; };
		6A0DFC812AFA978E00E0F324 /* LandingPageView.swift */ = {isa = PBXFileReference; lastKnownFileType = sourcecode.swift; path = LandingPageView.swift; sourceTree = "<group>"; };
		6A0DFC832AFA97AE00E0F324 /* DuelView.swift */ = {isa = PBXFileReference; lastKnownFileType = sourcecode.swift; path = DuelView.swift; sourceTree = "<group>"; };
		6A0DFC852AFA97C500E0F324 /* JoinRoomView.swift */ = {isa = PBXFileReference; lastKnownFileType = sourcecode.swift; path = JoinRoomView.swift; sourceTree = "<group>"; };
		6A0DFC872AFA97D900E0F324 /* ChooseItemView.swift */ = {isa = PBXFileReference; lastKnownFileType = sourcecode.swift; path = ChooseItemView.swift; sourceTree = "<group>"; };
		6A0DFC892AFA97EB00E0F324 /* ResultView.swift */ = {isa = PBXFileReference; lastKnownFileType = sourcecode.swift; path = ResultView.swift; sourceTree = "<group>"; };
		6A0DFC8C2AFA980900E0F324 /* TimePickerView.swift */ = {isa = PBXFileReference; lastKnownFileType = sourcecode.swift; path = TimePickerView.swift; sourceTree = "<group>"; };
		6A0DFC8E2AFA981800E0F324 /* ItemsSheet.swift */ = {isa = PBXFileReference; lastKnownFileType = sourcecode.swift; path = ItemsSheet.swift; sourceTree = "<group>"; };
		6A0DFC902AFA983000E0F324 /* ChosenItemContainer.swift */ = {isa = PBXFileReference; lastKnownFileType = sourcecode.swift; path = ChosenItemContainer.swift; sourceTree = "<group>"; };
		6A0DFC922AFA984100E0F324 /* ItemDescriptionContainer.swift */ = {isa = PBXFileReference; lastKnownFileType = sourcecode.swift; path = ItemDescriptionContainer.swift; sourceTree = "<group>"; };
		6A0DFC942AFA985100E0F324 /* ShareLink.swift */ = {isa = PBXFileReference; lastKnownFileType = sourcecode.swift; path = ShareLink.swift; sourceTree = "<group>"; };
		6A0DFC962AFA986200E0F324 /* DuelAnimation.swift */ = {isa = PBXFileReference; lastKnownFileType = sourcecode.swift; path = DuelAnimation.swift; sourceTree = "<group>"; };
		6A0DFC982AFA987500E0F324 /* LoadingAnimation.swift */ = {isa = PBXFileReference; lastKnownFileType = sourcecode.swift; path = LoadingAnimation.swift; sourceTree = "<group>"; };
		6A1000102B07A8B300B15BCD /* DuelItem.swift */ = {isa = PBXFileReference; lastKnownFileType = sourcecode.swift; name = DuelItem.swift; path = "DollarBillsWatch Watch App/Components/DuelMode/DuelItem.swift"; sourceTree = SOURCE_ROOT; };
		6A1000122B07A8DE00B15BCD /* ItemStatus.swift */ = {isa = PBXFileReference; lastKnownFileType = sourcecode.swift; path = ItemStatus.swift; sourceTree = "<group>"; };
		6A1000142B07A8F900B15BCD /* Player.swift */ = {isa = PBXFileReference; lastKnownFileType = sourcecode.swift; path = Player.swift; sourceTree = "<group>"; };
		6A1000162B07A91B00B15BCD /* ScrollViewDuel.swift */ = {isa = PBXFileReference; lastKnownFileType = sourcecode.swift; path = ScrollViewDuel.swift; sourceTree = "<group>"; };
		6A1000182B07A92F00B15BCD /* TimeLeft.swift */ = {isa = PBXFileReference; lastKnownFileType = sourcecode.swift; path = TimeLeft.swift; sourceTree = "<group>"; };
		6A10001A2B07A94D00B15BCD /* AttackedView.swift */ = {isa = PBXFileReference; lastKnownFileType = sourcecode.swift; path = AttackedView.swift; sourceTree = "<group>"; };
		6A10001C2B07A95F00B15BCD /* BoostView.swift */ = {isa = PBXFileReference; lastKnownFileType = sourcecode.swift; path = BoostView.swift; sourceTree = "<group>"; };
		6A10001E2B07A96F00B15BCD /* DuelModeView.swift */ = {isa = PBXFileReference; lastKnownFileType = sourcecode.swift; path = DuelModeView.swift; sourceTree = "<group>"; };
		6A1000202B07A98C00B15BCD /* ResultView.swift */ = {isa = PBXFileReference; lastKnownFileType = sourcecode.swift; path = ResultView.swift; sourceTree = "<group>"; };
		6A3C861E2AEB6DB000D73FDF /* DollarBillsWatch Watch App.app */ = {isa = PBXFileReference; explicitFileType = wrapper.application; includeInIndex = 0; path = "DollarBillsWatch Watch App.app"; sourceTree = BUILT_PRODUCTS_DIR; };
		6A3C86202AEB6DB000D73FDF /* DollarBillsWatchApp.swift */ = {isa = PBXFileReference; lastKnownFileType = sourcecode.swift; path = DollarBillsWatchApp.swift; sourceTree = "<group>"; };
		6A3C86242AEB6DB100D73FDF /* Assets.xcassets */ = {isa = PBXFileReference; lastKnownFileType = folder.assetcatalog; path = Assets.xcassets; sourceTree = "<group>"; };
		6A3C86272AEB6DB100D73FDF /* Preview Assets.xcassets */ = {isa = PBXFileReference; lastKnownFileType = folder.assetcatalog; path = "Preview Assets.xcassets"; sourceTree = "<group>"; };
		6A8E79892AEED65800A927C3 /* CountdownView.swift */ = {isa = PBXFileReference; lastKnownFileType = sourcecode.swift; path = CountdownView.swift; sourceTree = "<group>"; };
		6A8E798B2AEED69800A927C3 /* RunViewTab.swift */ = {isa = PBXFileReference; lastKnownFileType = sourcecode.swift; path = RunViewTab.swift; sourceTree = "<group>"; };
		6A8E798D2AEED79F00A927C3 /* ControlView.swift */ = {isa = PBXFileReference; lastKnownFileType = sourcecode.swift; path = ControlView.swift; sourceTree = "<group>"; };
		6A8E798F2AEED7C400A927C3 /* RunMainView.swift */ = {isa = PBXFileReference; lastKnownFileType = sourcecode.swift; path = RunMainView.swift; sourceTree = "<group>"; };
		6A8E79912AEED7CF00A927C3 /* RunMetricsView.swift */ = {isa = PBXFileReference; lastKnownFileType = sourcecode.swift; path = RunMetricsView.swift; sourceTree = "<group>"; };
		6A8E79932AEED7D800A927C3 /* RunMapView.swift */ = {isa = PBXFileReference; lastKnownFileType = sourcecode.swift; path = RunMapView.swift; sourceTree = "<group>"; };
		6A8E79952AEEDEE600A927C3 /* RunDirectionView.swift */ = {isa = PBXFileReference; lastKnownFileType = sourcecode.swift; path = RunDirectionView.swift; sourceTree = "<group>"; };
		6A8E79992AEF4D4B00A927C3 /* FinishRunView.swift */ = {isa = PBXFileReference; lastKnownFileType = sourcecode.swift; path = FinishRunView.swift; sourceTree = "<group>"; };
		6A8E799B2AEF538E00A927C3 /* ItemProgress.swift */ = {isa = PBXFileReference; lastKnownFileType = sourcecode.swift; path = ItemProgress.swift; sourceTree = "<group>"; };
		6A8E799D2AEF562500A927C3 /* PopUp.swift */ = {isa = PBXFileReference; lastKnownFileType = sourcecode.swift; path = PopUp.swift; sourceTree = "<group>"; };
		6A8E799F2AF203EC00A927C3 /* VerticalTabView.swift */ = {isa = PBXFileReference; lastKnownFileType = sourcecode.swift; path = VerticalTabView.swift; sourceTree = "<group>"; };
		6A9585892AEE6FC0001AD5D8 /* LoadingView.swift */ = {isa = PBXFileReference; lastKnownFileType = sourcecode.swift; path = LoadingView.swift; sourceTree = "<group>"; };
		6A9585902AEE7390001AD5D8 /* GIFImage.swift */ = {isa = PBXFileReference; lastKnownFileType = sourcecode.swift; path = GIFImage.swift; sourceTree = "<group>"; };
		6A9585922AEE7DC5001AD5D8 /* MapView.swift */ = {isa = PBXFileReference; lastKnownFileType = sourcecode.swift; path = MapView.swift; sourceTree = "<group>"; };
		6A9585942AEEBFDE001AD5D8 /* RouteDetailView.swift */ = {isa = PBXFileReference; lastKnownFileType = sourcecode.swift; path = RouteDetailView.swift; sourceTree = "<group>"; };
		6A9585962AEEBFF3001AD5D8 /* RouteSheet.swift */ = {isa = PBXFileReference; lastKnownFileType = sourcecode.swift; path = RouteSheet.swift; sourceTree = "<group>"; };
		6A9585982AEEC263001AD5D8 /* ElevationGraph.swift */ = {isa = PBXFileReference; lastKnownFileType = sourcecode.swift; path = ElevationGraph.swift; sourceTree = "<group>"; };
		6A95859A2AEEC3F8001AD5D8 /* Button.swift */ = {isa = PBXFileReference; lastKnownFileType = sourcecode.swift; path = Button.swift; sourceTree = "<group>"; };
		6A95859C2AEECC48001AD5D8 /* Countdown.swift */ = {isa = PBXFileReference; lastKnownFileType = sourcecode.swift; path = Countdown.swift; sourceTree = "<group>"; };
		9B08B0CA2AE76D2C00021F79 /* HeartRate.swift */ = {isa = PBXFileReference; lastKnownFileType = sourcecode.swift; path = HeartRate.swift; sourceTree = "<group>"; };
		9B29AA1E2AD7B362007DBEA5 /* RunView.swift */ = {isa = PBXFileReference; lastKnownFileType = sourcecode.swift; path = RunView.swift; sourceTree = "<group>"; };
		9B5133152AFB31880002A5C0 /* WorkoutManager.swift */ = {isa = PBXFileReference; lastKnownFileType = sourcecode.swift; path = WorkoutManager.swift; sourceTree = "<group>"; };
		9B5133182AFB3FB10002A5C0 /* ElapsedTimeView.swift */ = {isa = PBXFileReference; lastKnownFileType = sourcecode.swift; path = ElapsedTimeView.swift; sourceTree = "<group>"; };
		9B51331A2AFB50C20002A5C0 /* DollarBillsWatch-Watch-App-Info.plist */ = {isa = PBXFileReference; lastKnownFileType = text.plist; path = "DollarBillsWatch-Watch-App-Info.plist"; sourceTree = SOURCE_ROOT; };
		9B51331B2AFB50CB0002A5C0 /* DollarBillsWatch Watch App.entitlements */ = {isa = PBXFileReference; lastKnownFileType = text.plist.entitlements; path = "DollarBillsWatch Watch App.entitlements"; sourceTree = "<group>"; };
		9B5272A92B03E58C00E70AA7 /* NearestRouteCard.swift */ = {isa = PBXFileReference; lastKnownFileType = sourcecode.swift; path = NearestRouteCard.swift; sourceTree = "<group>"; };
		9B5272AC2B04BFF100E70AA7 /* RecentRouteCard.swift */ = {isa = PBXFileReference; lastKnownFileType = sourcecode.swift; path = RecentRouteCard.swift; sourceTree = "<group>"; };
		9B81019C2AFC84B300FA4E1A /* WatchToPhone.swift */ = {isa = PBXFileReference; lastKnownFileType = sourcecode.swift; path = WatchToPhone.swift; sourceTree = "<group>"; };
		9B81019E2AFC98EB00FA4E1A /* PhoneToWatch.swift */ = {isa = PBXFileReference; lastKnownFileType = sourcecode.swift; path = PhoneToWatch.swift; sourceTree = "<group>"; };
		9B8101A92B00A2BD00FA4E1A /* LocationManager.swift */ = {isa = PBXFileReference; lastKnownFileType = sourcecode.swift; path = LocationManager.swift; sourceTree = "<group>"; };
		9BD93E362ACEB177004862F7 /* Workout.swift */ = {isa = PBXFileReference; lastKnownFileType = sourcecode.swift; path = Workout.swift; sourceTree = "<group>"; };
		9BD93E392ACEB1CC004862F7 /* CLLocation.swift */ = {isa = PBXFileReference; lastKnownFileType = sourcecode.swift; path = CLLocation.swift; sourceTree = "<group>"; };
		9BD93E3C2ACEB1EE004862F7 /* Date.swift */ = {isa = PBXFileReference; lastKnownFileType = sourcecode.swift; path = Date.swift; sourceTree = "<group>"; };
		9BD93E3E2ACEB2CC004862F7 /* HKHelper.swift */ = {isa = PBXFileReference; lastKnownFileType = sourcecode.swift; path = HKHelper.swift; sourceTree = "<group>"; };
		9BD93E422ACEB615004862F7 /* WorkoutDate.swift */ = {isa = PBXFileReference; lastKnownFileType = sourcecode.swift; path = WorkoutDate.swift; sourceTree = "<group>"; };
		9BD93E442ACEB6EB004862F7 /* MyError.swift */ = {isa = PBXFileReference; lastKnownFileType = sourcecode.swift; path = MyError.swift; sourceTree = "<group>"; };
		9BD93E462ACEC20F004862F7 /* PermissionView.swift */ = {isa = PBXFileReference; lastKnownFileType = sourcecode.swift; path = PermissionView.swift; sourceTree = "<group>"; };
		9BD93E482ACEC7CC004862F7 /* WorkoutMenuView.swift */ = {isa = PBXFileReference; lastKnownFileType = sourcecode.swift; path = WorkoutMenuView.swift; sourceTree = "<group>"; };
		9BD93E4C2ACF209D004862F7 /* ViewExt.swift */ = {isa = PBXFileReference; lastKnownFileType = sourcecode.swift; path = ViewExt.swift; sourceTree = "<group>"; };
		9BD93E4E2ACF2248004862F7 /* ErrorView.swift */ = {isa = PBXFileReference; lastKnownFileType = sourcecode.swift; path = ErrorView.swift; sourceTree = "<group>"; };
		9BD93E522ACF2A81004862F7 /* HealthKit.framework */ = {isa = PBXFileReference; lastKnownFileType = wrapper.framework; name = HealthKit.framework; path = System/Library/Frameworks/HealthKit.framework; sourceTree = SDKROOT; };
		9BD93E542ACF2A87004862F7 /* MapKit.framework */ = {isa = PBXFileReference; lastKnownFileType = wrapper.framework; name = MapKit.framework; path = System/Library/Frameworks/MapKit.framework; sourceTree = SDKROOT; };
		9BD93E562ACF2AB9004862F7 /* Info.plist */ = {isa = PBXFileReference; lastKnownFileType = text.plist; path = Info.plist; sourceTree = "<group>"; };
		9BD93E572ACF2ABF004862F7 /* DollarBills.entitlements */ = {isa = PBXFileReference; lastKnownFileType = text.plist.entitlements; path = DollarBills.entitlements; sourceTree = "<group>"; };
		9BD93E582ACFFD73004862F7 /* WorkoutBar.swift */ = {isa = PBXFileReference; lastKnownFileType = sourcecode.swift; path = WorkoutBar.swift; sourceTree = "<group>"; };
		E1347E3C2AC43557008224CF /* DollarBills.app */ = {isa = PBXFileReference; explicitFileType = wrapper.application; includeInIndex = 0; path = DollarBills.app; sourceTree = BUILT_PRODUCTS_DIR; };
		E1347E3F2AC43557008224CF /* DollarBillsApp.swift */ = {isa = PBXFileReference; lastKnownFileType = sourcecode.swift; path = DollarBillsApp.swift; sourceTree = "<group>"; };
		E1347E412AC43557008224CF /* ContentView.swift */ = {isa = PBXFileReference; lastKnownFileType = sourcecode.swift; path = ContentView.swift; sourceTree = "<group>"; };
		E1347E432AC43558008224CF /* Assets.xcassets */ = {isa = PBXFileReference; lastKnownFileType = folder.assetcatalog; path = Assets.xcassets; sourceTree = "<group>"; };
		E1347E462AC43558008224CF /* Preview Assets.xcassets */ = {isa = PBXFileReference; lastKnownFileType = folder.assetcatalog; path = "Preview Assets.xcassets"; sourceTree = "<group>"; };
		E1563EB12AFB2DC100BDD638 /* ROTWSheet.swift */ = {isa = PBXFileReference; lastKnownFileType = sourcecode.swift; path = ROTWSheet.swift; sourceTree = "<group>"; };
		E1563EB32AFB9B1E00BDD638 /* LobbyPlayerName.swift */ = {isa = PBXFileReference; lastKnownFileType = sourcecode.swift; path = LobbyPlayerName.swift; sourceTree = "<group>"; };
		E1563EB52AFC0DBA00BDD638 /* TimePicker.swift */ = {isa = PBXFileReference; lastKnownFileType = sourcecode.swift; path = TimePicker.swift; sourceTree = "<group>"; };
		E15C45932AF3AA8D00D215AB /* Haptics.swift */ = {isa = PBXFileReference; lastKnownFileType = sourcecode.swift; path = Haptics.swift; sourceTree = "<group>"; };
		E15C45952AF4940200D215AB /* LeaderboardDetailView.swift */ = {isa = PBXFileReference; lastKnownFileType = sourcecode.swift; path = LeaderboardDetailView.swift; sourceTree = "<group>"; };
		E15C45992AF7FE2700D215AB /* Duel.swift */ = {isa = PBXFileReference; lastKnownFileType = sourcecode.swift; path = Duel.swift; sourceTree = "<group>"; };
		E167968F2AD8E27600340093 /* ExtensionColor.swift */ = {isa = PBXFileReference; lastKnownFileType = sourcecode.swift; path = ExtensionColor.swift; sourceTree = "<group>"; };
		E16796922AD94B8E00340093 /* OnboardingView.swift */ = {isa = PBXFileReference; lastKnownFileType = sourcecode.swift; path = OnboardingView.swift; sourceTree = "<group>"; };
		E167969A2ADDA4A600340093 /* RouteCards.swift */ = {isa = PBXFileReference; lastKnownFileType = sourcecode.swift; path = RouteCards.swift; sourceTree = "<group>"; };
		E168B9982ACD4C2200CF56D9 /* createMap.swift */ = {isa = PBXFileReference; lastKnownFileType = sourcecode.swift; path = createMap.swift; sourceTree = "<group>"; };
		E168B99A2ACD4C5400CF56D9 /* Utilities.swift */ = {isa = PBXFileReference; lastKnownFileType = sourcecode.swift; path = Utilities.swift; sourceTree = "<group>"; };
		E168B99C2ACD4CFA00CF56D9 /* MapView.swift */ = {isa = PBXFileReference; lastKnownFileType = sourcecode.swift; path = MapView.swift; sourceTree = "<group>"; };
		E168B99E2ACEAAE400CF56D9 /* Items.swift */ = {isa = PBXFileReference; lastKnownFileType = sourcecode.swift; path = Items.swift; sourceTree = "<group>"; };
		E1806C5E2AF93C0C007A122A /* SupaExt.swift */ = {isa = PBXFileReference; lastKnownFileType = sourcecode.swift; path = SupaExt.swift; sourceTree = "<group>"; };
		E1806C602AF942EE007A122A /* ViewModelExt.swift */ = {isa = PBXFileReference; lastKnownFileType = sourcecode.swift; path = ViewModelExt.swift; sourceTree = "<group>"; };
		E1806C622AF94884007A122A /* Supabase.swift */ = {isa = PBXFileReference; lastKnownFileType = sourcecode.swift; path = Supabase.swift; sourceTree = "<group>"; };
		E1806C642AF9E0D8007A122A /* SupaModel.swift */ = {isa = PBXFileReference; lastKnownFileType = sourcecode.swift; path = SupaModel.swift; sourceTree = "<group>"; };
		E1806C662AFA868A007A122A /* ROTWMapView.swift */ = {isa = PBXFileReference; lastKnownFileType = sourcecode.swift; path = ROTWMapView.swift; sourceTree = "<group>"; };
		E1941FFD2AE28F8500E29394 /* NearestToYouDetailView.swift */ = {isa = PBXFileReference; lastKnownFileType = sourcecode.swift; path = NearestToYouDetailView.swift; sourceTree = "<group>"; };
		E1941FFF2AE38C7E00E29394 /* NearestRouteDetailCard.swift */ = {isa = PBXFileReference; lastKnownFileType = sourcecode.swift; path = NearestRouteDetailCard.swift; sourceTree = "<group>"; };
		E19420032AE40DBE00E29394 /* CountdownView.swift */ = {isa = PBXFileReference; lastKnownFileType = sourcecode.swift; path = CountdownView.swift; sourceTree = "<group>"; };
		E19420162AE668EA00E29394 /* RoutesOfTheWeek.swift */ = {isa = PBXFileReference; lastKnownFileType = sourcecode.swift; path = RoutesOfTheWeek.swift; sourceTree = "<group>"; };
		E194201E2AE916DF00E29394 /* SnapCarouselView.swift */ = {isa = PBXFileReference; lastKnownFileType = sourcecode.swift; path = SnapCarouselView.swift; sourceTree = "<group>"; };
		E195B66B2AE0D32E00FB32C1 /* Routes.swift */ = {isa = PBXFileReference; lastKnownFileType = sourcecode.swift; path = Routes.swift; sourceTree = "<group>"; };
		E195B66D2AE0EFEE00FB32C1 /* NearestRouteCard.swift */ = {isa = PBXFileReference; lastKnownFileType = sourcecode.swift; path = NearestRouteCard.swift; sourceTree = "<group>"; };
		E195B6712AE219DA00FB32C1 /* QokkaPickCard.swift */ = {isa = PBXFileReference; lastKnownFileType = sourcecode.swift; path = QokkaPickCard.swift; sourceTree = "<group>"; };
		E1A093702AD7E8A000A8A4AC /* PauseRunView.swift */ = {isa = PBXFileReference; lastKnownFileType = sourcecode.swift; path = PauseRunView.swift; sourceTree = "<group>"; };
		E1B78C342B0B1E570015C3B1 /* GameFromWatch.swift */ = {isa = PBXFileReference; lastKnownFileType = sourcecode.swift; path = GameFromWatch.swift; sourceTree = "<group>"; };
		E1B78C372B0B435C0015C3B1 /* GameFromWatch+MatchData.swift */ = {isa = PBXFileReference; lastKnownFileType = sourcecode.swift; path = "GameFromWatch+MatchData.swift"; sourceTree = "<group>"; };
		E1B78C392B0B50420015C3B1 /* RealTimeGame+Watch.swift */ = {isa = PBXFileReference; lastKnownFileType = sourcecode.swift; path = "RealTimeGame+Watch.swift"; sourceTree = "<group>"; };
		E1BBAD402B036E0800EA9140 /* JWT.swift */ = {isa = PBXFileReference; lastKnownFileType = sourcecode.swift; path = JWT.swift; sourceTree = "<group>"; };
		E1BBAD442B06593000EA9140 /* RequestURL.swift */ = {isa = PBXFileReference; lastKnownFileType = sourcecode.swift; path = RequestURL.swift; sourceTree = "<group>"; };
		E1FE62392AEB5A6400D1736C /* GifImage.swift */ = {isa = PBXFileReference; lastKnownFileType = sourcecode.swift; path = GifImage.swift; sourceTree = "<group>"; };
		E1FE623B2AEB5C3C00D1736C /* spruto lari.gif */ = {isa = PBXFileReference; lastKnownFileType = image.gif; path = "spruto lari.gif"; sourceTree = "<group>"; };
		E1FE623D2AECBF4300D1736C /* SummaryDetailView.swift */ = {isa = PBXFileReference; lastKnownFileType = sourcecode.swift; path = SummaryDetailView.swift; sourceTree = "<group>"; };
/* End PBXFileReference section */

/* Begin PBXFrameworksBuildPhase section */
		6A3C861B2AEB6DB000D73FDF /* Frameworks */ = {
			isa = PBXFrameworksBuildPhase;
			buildActionMask = 2147483647;
			files = (
			);
			runOnlyForDeploymentPostprocessing = 0;
		};
		E1347E392AC43557008224CF /* Frameworks */ = {
			isa = PBXFrameworksBuildPhase;
			buildActionMask = 2147483647;
			files = (
				9BD93E552ACF2A87004862F7 /* MapKit.framework in Frameworks */,
				9BD93E532ACF2A81004862F7 /* HealthKit.framework in Frameworks */,
				E1BBAD472B0724A600EA9140 /* SwiftJWT in Frameworks */,
				E1806C5B2AF8EE88007A122A /* Supabase in Frameworks */,
			);
			runOnlyForDeploymentPostprocessing = 0;
		};
/* End PBXFrameworksBuildPhase section */

/* Begin PBXGroup section */
		15A71DE82B011487000517EF /* GameKit */ = {
			isa = PBXGroup;
			children = (
				15A71DED2B0114A2000517EF /* ContentView2.swift */,
				15A71DEB2B0114A2000517EF /* FriendsView.swift */,
				15A71DEE2B0114A2000517EF /* GameView.swift */,
				15A71DF12B0114A3000517EF /* RealTimeGame.swift */,
				15A71DEF2B0114A2000517EF /* RealTimeGame+Friends.swift */,
				15A71DF22B0114A3000517EF /* RealTimeGame+GKGameCenterViewController.swift */,
				15A71DF32B0114A3000517EF /* RealTimeGame+GKLocalPlayerListener.swift */,
				15A71DEA2B0114A2000517EF /* RealTimeGame+GKMatchDelegate.swift */,
				15A71DE92B0114A2000517EF /* RealTimeGame+GKMatchmakerViewControllerDelegate.swift */,
				15A71DF42B0114A3000517EF /* RealTimeGame+MatchData.swift */,
				E1B78C392B0B50420015C3B1 /* RealTimeGame+Watch.swift */,
			);
			path = GameKit;
			sourceTree = "<group>";
		};
		15D24C442AD6944300AFE89B /* Logic and Framework */ = {
			isa = PBXGroup;
			children = (
				15A71DE82B011487000517EF /* GameKit */,
				15D24C422AD6942E00AFE89B /* ViewModel.swift */,
				9B81019E2AFC98EB00FA4E1A /* PhoneToWatch.swift */,
				E168B9982ACD4C2200CF56D9 /* createMap.swift */,
				E15C45932AF3AA8D00D215AB /* Haptics.swift */,
				E1806C622AF94884007A122A /* Supabase.swift */,
				15B6CEEB2AFB3C540082118F /* NetworkMonitor.swift */,
			);
			path = "Logic and Framework";
			sourceTree = "<group>";
		};
		6A0DFC7E2AFA975F00E0F324 /* DuelMode */ = {
			isa = PBXGroup;
			children = (
				6A0DFC7C2AFA974800E0F324 /* CreateRoomView.swift */,
				6A0DFC7F2AFA977C00E0F324 /* LobbyView.swift */,
				6A0DFC812AFA978E00E0F324 /* LandingPageView.swift */,
				6A0DFC832AFA97AE00E0F324 /* DuelView.swift */,
				6A0DFC852AFA97C500E0F324 /* JoinRoomView.swift */,
				6A0DFC872AFA97D900E0F324 /* ChooseItemView.swift */,
				6A0DFC892AFA97EB00E0F324 /* ResultView.swift */,
			);
			path = DuelMode;
			sourceTree = "<group>";
		};
		6A0DFC8B2AFA97F900E0F324 /* DuelMode */ = {
			isa = PBXGroup;
			children = (
				6A0DFC8C2AFA980900E0F324 /* TimePickerView.swift */,
				6A0DFC8E2AFA981800E0F324 /* ItemsSheet.swift */,
				6A0DFC902AFA983000E0F324 /* ChosenItemContainer.swift */,
				6A0DFC922AFA984100E0F324 /* ItemDescriptionContainer.swift */,
				6A0DFC942AFA985100E0F324 /* ShareLink.swift */,
				6A0DFC962AFA986200E0F324 /* DuelAnimation.swift */,
				6A0DFC982AFA987500E0F324 /* LoadingAnimation.swift */,
				E1563EB32AFB9B1E00BDD638 /* LobbyPlayerName.swift */,
				E1563EB52AFC0DBA00BDD638 /* TimePicker.swift */,
			);
			path = DuelMode;
			sourceTree = "<group>";
		};
		6A10000F2B07A87500B15BCD /* DuelMode */ = {
			isa = PBXGroup;
			children = (
				6A10001A2B07A94D00B15BCD /* AttackedView.swift */,
				6A10001C2B07A95F00B15BCD /* BoostView.swift */,
				6A10001E2B07A96F00B15BCD /* DuelModeView.swift */,
				6A1000202B07A98C00B15BCD /* ResultView.swift */,
			);
			path = DuelMode;
			sourceTree = "<group>";
		};
		6A1000222B07A99400B15BCD /* DuelMode */ = {
			isa = PBXGroup;
			children = (
				6A1000102B07A8B300B15BCD /* DuelItem.swift */,
				6A1000142B07A8F900B15BCD /* Player.swift */,
				6A1000162B07A91B00B15BCD /* ScrollViewDuel.swift */,
				6A1000182B07A92F00B15BCD /* TimeLeft.swift */,
				6A1000122B07A8DE00B15BCD /* ItemStatus.swift */,
			);
			path = DuelMode;
			sourceTree = "<group>";
		};
		6A3C861F2AEB6DB000D73FDF /* DollarBillsWatch Watch App */ = {
			isa = PBXGroup;
			children = (
				9B51331B2AFB50CB0002A5C0 /* DollarBillsWatch Watch App.entitlements */,
				9B51331A2AFB50C20002A5C0 /* DollarBillsWatch-Watch-App-Info.plist */,
				6A3C86202AEB6DB000D73FDF /* DollarBillsWatchApp.swift */,
				9B5133172AFB32490002A5C0 /* Controller */,
				6A3C86312AEB6DBE00D73FDF /* View */,
				6A3C86302AEB6DBA00D73FDF /* Components */,
				6A3C86242AEB6DB100D73FDF /* Assets.xcassets */,
				6A3C86262AEB6DB100D73FDF /* Preview Content */,
			);
			path = "DollarBillsWatch Watch App";
			sourceTree = "<group>";
		};
		6A3C86262AEB6DB100D73FDF /* Preview Content */ = {
			isa = PBXGroup;
			children = (
				6A3C86272AEB6DB100D73FDF /* Preview Assets.xcassets */,
			);
			path = "Preview Content";
			sourceTree = "<group>";
		};
		6A3C86302AEB6DBA00D73FDF /* Components */ = {
			isa = PBXGroup;
			children = (
				6A1000222B07A99400B15BCD /* DuelMode */,
				9BBD12812B09FD8A00C6AEF3 /* SoloRun */,
				9BBD12822B09FDE800C6AEF3 /* Route */,
			);
			path = Components;
			sourceTree = "<group>";
		};
		6A3C86312AEB6DBE00D73FDF /* View */ = {
			isa = PBXGroup;
			children = (
				6A10000F2B07A87500B15BCD /* DuelMode */,
				6A9585892AEE6FC0001AD5D8 /* LoadingView.swift */,
				6A9585942AEEBFDE001AD5D8 /* RouteDetailView.swift */,
				156FE4C82B028EAF00B67615 /* LandingPageView.swift */,
				9BBD12802B09FD5600C6AEF3 /* SoloRun */,
			);
			path = View;
			sourceTree = "<group>";
		};
		9B5133172AFB32490002A5C0 /* Controller */ = {
			isa = PBXGroup;
			children = (
				9B5133152AFB31880002A5C0 /* WorkoutManager.swift */,
				9B81019C2AFC84B300FA4E1A /* WatchToPhone.swift */,
				9B8101A92B00A2BD00FA4E1A /* LocationManager.swift */,
				E1B78C342B0B1E570015C3B1 /* GameFromWatch.swift */,
				E1B78C372B0B435C0015C3B1 /* GameFromWatch+MatchData.swift */,
			);
			path = Controller;
			sourceTree = "<group>";
		};
		9BBD12802B09FD5600C6AEF3 /* SoloRun */ = {
			isa = PBXGroup;
			children = (
				6A8E79892AEED65800A927C3 /* CountdownView.swift */,
				6A8E798B2AEED69800A927C3 /* RunViewTab.swift */,
				6A8E79992AEF4D4B00A927C3 /* FinishRunView.swift */,
				6A0DFC702AFA85A400E0F324 /* InformationView.swift */,
				6A8E798D2AEED79F00A927C3 /* ControlView.swift */,
				6A8E799F2AF203EC00A927C3 /* VerticalTabView.swift */,
				6A8E798F2AEED7C400A927C3 /* RunMainView.swift */,
				6A8E79952AEEDEE600A927C3 /* RunDirectionView.swift */,
				6A8E79912AEED7CF00A927C3 /* RunMetricsView.swift */,
				6A8E79932AEED7D800A927C3 /* RunMapView.swift */,
			);
			path = SoloRun;
			sourceTree = "<group>";
		};
		9BBD12812B09FD8A00C6AEF3 /* SoloRun */ = {
			isa = PBXGroup;
			children = (
				9B5133182AFB3FB10002A5C0 /* ElapsedTimeView.swift */,
				6A9585902AEE7390001AD5D8 /* GIFImage.swift */,
				6A8E799B2AEF538E00A927C3 /* ItemProgress.swift */,
				6A95859C2AEECC48001AD5D8 /* Countdown.swift */,
			);
			path = SoloRun;
			sourceTree = "<group>";
		};
		9BBD12822B09FDE800C6AEF3 /* Route */ = {
			isa = PBXGroup;
			children = (
				9B5272A92B03E58C00E70AA7 /* NearestRouteCard.swift */,
				6A8E799D2AEF562500A927C3 /* PopUp.swift */,
				9B5272AC2B04BFF100E70AA7 /* RecentRouteCard.swift */,
				6A9585922AEE7DC5001AD5D8 /* MapView.swift */,
				6A9585962AEEBFF3001AD5D8 /* RouteSheet.swift */,
				6A9585982AEEC263001AD5D8 /* ElevationGraph.swift */,
				6A95859A2AEEC3F8001AD5D8 /* Button.swift */,
			);
			path = Route;
			sourceTree = "<group>";
		};
		9BD93E382ACEB17D004862F7 /* Models */ = {
			isa = PBXGroup;
			children = (
				E168B99E2ACEAAE400CF56D9 /* Items.swift */,
				E168B99A2ACD4C5400CF56D9 /* Utilities.swift */,
				9BD93E442ACEB6EB004862F7 /* MyError.swift */,
				9BD93E422ACEB615004862F7 /* WorkoutDate.swift */,
				9BD93E362ACEB177004862F7 /* Workout.swift */,
				9B08B0CA2AE76D2C00021F79 /* HeartRate.swift */,
				9BD93E3E2ACEB2CC004862F7 /* HKHelper.swift */,
				E195B66B2AE0D32E00FB32C1 /* Routes.swift */,
				E15C45992AF7FE2700D215AB /* Duel.swift */,
				E1806C642AF9E0D8007A122A /* SupaModel.swift */,
				6A0DFC762AFA96C500E0F324 /* Room.swift */,
				6A0DFC7A2AFA96E600E0F324 /* RoomDatabase.swift */,
				6A0DFC782AFA96D500E0F324 /* RoomManager.swift */,
			);
			path = Models;
			sourceTree = "<group>";
		};
		9BD93E3B2ACEB1DA004862F7 /* Extensions */ = {
			isa = PBXGroup;
			children = (
				E1FE623B2AEB5C3C00D1736C /* spruto lari.gif */,
				9BD93E4C2ACF209D004862F7 /* ViewExt.swift */,
				9BD93E392ACEB1CC004862F7 /* CLLocation.swift */,
				9BD93E3C2ACEB1EE004862F7 /* Date.swift */,
				E167968F2AD8E27600340093 /* ExtensionColor.swift */,
				E1FE62392AEB5A6400D1736C /* GifImage.swift */,
				E1806C5E2AF93C0C007A122A /* SupaExt.swift */,
				E1806C602AF942EE007A122A /* ViewModelExt.swift */,
				E1BBAD402B036E0800EA9140 /* JWT.swift */,
				E1BBAD442B06593000EA9140 /* RequestURL.swift */,
			);
			path = Extensions;
			sourceTree = "<group>";
		};
		9BD93E502ACF232A004862F7 /* Component */ = {
			isa = PBXGroup;
			children = (
				6A0DFC8B2AFA97F900E0F324 /* DuelMode */,
				15D24C402AD5D23C00AFE89B /* CustomContent.swift */,
				15D24C3E2AD5D20F00AFE89B /* RouteSheet.swift */,
				9BD93E4E2ACF2248004862F7 /* ErrorView.swift */,
				9BD93E582ACFFD73004862F7 /* WorkoutBar.swift */,
				9BD93E482ACEC7CC004862F7 /* WorkoutMenuView.swift */,
				E167969A2ADDA4A600340093 /* RouteCards.swift */,
				E195B66D2AE0EFEE00FB32C1 /* NearestRouteCard.swift */,
				E195B6712AE219DA00FB32C1 /* QokkaPickCard.swift */,
				E1941FFF2AE38C7E00E29394 /* NearestRouteDetailCard.swift */,
				E19420162AE668EA00E29394 /* RoutesOfTheWeek.swift */,
				E1563EB12AFB2DC100BDD638 /* ROTWSheet.swift */,
			);
			path = Component;
			sourceTree = "<group>";
		};
		9BD93E512ACF2A81004862F7 /* Frameworks */ = {
			isa = PBXGroup;
			children = (
				9BD93E542ACF2A87004862F7 /* MapKit.framework */,
				9BD93E522ACF2A81004862F7 /* HealthKit.framework */,
			);
			name = Frameworks;
			sourceTree = "<group>";
		};
		E1347E332AC43557008224CF = {
			isa = PBXGroup;
			children = (
				E1347E3E2AC43557008224CF /* DollarBills */,
				6A3C861F2AEB6DB000D73FDF /* DollarBillsWatch Watch App */,
				E1347E3D2AC43557008224CF /* Products */,
				9BD93E512ACF2A81004862F7 /* Frameworks */,
			);
			sourceTree = "<group>";
		};
		E1347E3D2AC43557008224CF /* Products */ = {
			isa = PBXGroup;
			children = (
				E1347E3C2AC43557008224CF /* DollarBills.app */,
				6A3C861E2AEB6DB000D73FDF /* DollarBillsWatch Watch App.app */,
			);
			name = Products;
			sourceTree = "<group>";
		};
		E1347E3E2AC43557008224CF /* DollarBills */ = {
			isa = PBXGroup;
			children = (
				9BD93E572ACF2ABF004862F7 /* DollarBills.entitlements */,
				9BD93E562ACF2AB9004862F7 /* Info.plist */,
				E1347E3F2AC43557008224CF /* DollarBillsApp.swift */,
				E16796912AD94B1700340093 /* Views */,
				15D24C442AD6944300AFE89B /* Logic and Framework */,
				9BD93E382ACEB17D004862F7 /* Models */,
				9BD93E502ACF232A004862F7 /* Component */,
				9BD93E3B2ACEB1DA004862F7 /* Extensions */,
				E1347E432AC43558008224CF /* Assets.xcassets */,
				E1347E452AC43558008224CF /* Preview Content */,
			);
			path = DollarBills;
			sourceTree = "<group>";
		};
		E1347E452AC43558008224CF /* Preview Content */ = {
			isa = PBXGroup;
			children = (
				E1347E462AC43558008224CF /* Preview Assets.xcassets */,
			);
			path = "Preview Content";
			sourceTree = "<group>";
		};
		E16796912AD94B1700340093 /* Views */ = {
			isa = PBXGroup;
			children = (
				6A0DFC7E2AFA975F00E0F324 /* DuelMode */,
				E1347E412AC43557008224CF /* ContentView.swift */,
				E168B99C2ACD4CFA00CF56D9 /* MapView.swift */,
				9BD93E462ACEC20F004862F7 /* PermissionView.swift */,
				9B29AA1E2AD7B362007DBEA5 /* RunView.swift */,
				E1A093702AD7E8A000A8A4AC /* PauseRunView.swift */,
				E16796922AD94B8E00340093 /* OnboardingView.swift */,
				15D24CB82ADD325700AFE89B /* MainView.swift */,
				15D24CBA2ADD328000AFE89B /* SegmentTabView.swift */,
				15D24CBC2ADD32E300AFE89B /* ExploreView.swift */,
				15D24CBE2ADD372400AFE89B /* ActivityView.swift */,
				15D24D142AE0FA9400AFE89B /* DuelModeView.swift */,
				15D24D162AE0FAB600AFE89B /* ProfileView.swift */,
				153E11B32AE53C5600B173F5 /* Summary View.swift */,
				153E11B72AE53F9200B173F5 /* LeaderboardView.swift */,
				E1941FFD2AE28F8500E29394 /* NearestToYouDetailView.swift */,
				E19420032AE40DBE00E29394 /* CountdownView.swift */,
				E194201E2AE916DF00E29394 /* SnapCarouselView.swift */,
				E1FE623D2AECBF4300D1736C /* SummaryDetailView.swift */,
				150CC29A2AEB747900527BED /* ItemDetailView.swift */,
				E15C45952AF4940200D215AB /* LeaderboardDetailView.swift */,
				E1806C662AFA868A007A122A /* ROTWMapView.swift */,
				15B6CEED2AFB3E680082118F /* DisconnectedView.swift */,
			);
			path = Views;
			sourceTree = "<group>";
		};
/* End PBXGroup section */

/* Begin PBXNativeTarget section */
		6A3C861D2AEB6DB000D73FDF /* DollarBillsWatch Watch App */ = {
			isa = PBXNativeTarget;
			buildConfigurationList = 6A3C862C2AEB6DB100D73FDF /* Build configuration list for PBXNativeTarget "DollarBillsWatch Watch App" */;
			buildPhases = (
				6A3C861A2AEB6DB000D73FDF /* Sources */,
				6A3C861B2AEB6DB000D73FDF /* Frameworks */,
				6A3C861C2AEB6DB000D73FDF /* Resources */,
			);
			buildRules = (
			);
			dependencies = (
			);
			name = "DollarBillsWatch Watch App";
			productName = "DollarBillsWatch Watch App";
			productReference = 6A3C861E2AEB6DB000D73FDF /* DollarBillsWatch Watch App.app */;
			productType = "com.apple.product-type.application";
		};
		E1347E3B2AC43557008224CF /* DollarBills */ = {
			isa = PBXNativeTarget;
			buildConfigurationList = E1347E4A2AC43558008224CF /* Build configuration list for PBXNativeTarget "DollarBills" */;
			buildPhases = (
				E1347E382AC43557008224CF /* Sources */,
				E1347E392AC43557008224CF /* Frameworks */,
				E1347E3A2AC43557008224CF /* Resources */,
				6A3C862F2AEB6DB100D73FDF /* Embed Watch Content */,
			);
			buildRules = (
			);
			dependencies = (
				6A3C862A2AEB6DB100D73FDF /* PBXTargetDependency */,
			);
			name = DollarBills;
			packageProductDependencies = (
				E1806C5A2AF8EE88007A122A /* Supabase */,
				E1BBAD462B0724A600EA9140 /* SwiftJWT */,
			);
			productName = DollarBills;
			productReference = E1347E3C2AC43557008224CF /* DollarBills.app */;
			productType = "com.apple.product-type.application";
		};
/* End PBXNativeTarget section */

/* Begin PBXProject section */
		E1347E342AC43557008224CF /* Project object */ = {
			isa = PBXProject;
			attributes = {
				BuildIndependentTargetsInParallel = 1;
				LastSwiftUpdateCheck = 1500;
				LastUpgradeCheck = 1500;
				TargetAttributes = {
					6A3C861D2AEB6DB000D73FDF = {
						CreatedOnToolsVersion = 15.0;
					};
					E1347E3B2AC43557008224CF = {
						CreatedOnToolsVersion = 14.3.1;
					};
				};
			};
			buildConfigurationList = E1347E372AC43557008224CF /* Build configuration list for PBXProject "DollarBills" */;
			compatibilityVersion = "Xcode 14.0";
			developmentRegion = en;
			hasScannedForEncodings = 0;
			knownRegions = (
				en,
				Base,
			);
			mainGroup = E1347E332AC43557008224CF;
			packageReferences = (
				E1806C592AF8EE88007A122A /* XCRemoteSwiftPackageReference "supabase-swift" */,
				E1BBAD432B06533D00EA9140 /* XCRemoteSwiftPackageReference "Swift-JWT" */,
			);
			productRefGroup = E1347E3D2AC43557008224CF /* Products */;
			projectDirPath = "";
			projectRoot = "";
			targets = (
				E1347E3B2AC43557008224CF /* DollarBills */,
				6A3C861D2AEB6DB000D73FDF /* DollarBillsWatch Watch App */,
			);
		};
/* End PBXProject section */

/* Begin PBXResourcesBuildPhase section */
		6A3C861C2AEB6DB000D73FDF /* Resources */ = {
			isa = PBXResourcesBuildPhase;
			buildActionMask = 2147483647;
			files = (
				6A3C86282AEB6DB100D73FDF /* Preview Assets.xcassets in Resources */,
				E1B78C362B0B412A0015C3B1 /* Assets.xcassets in Resources */,
				6A3C86252AEB6DB100D73FDF /* Assets.xcassets in Resources */,
			);
			runOnlyForDeploymentPostprocessing = 0;
		};
		E1347E3A2AC43557008224CF /* Resources */ = {
			isa = PBXResourcesBuildPhase;
			buildActionMask = 2147483647;
			files = (
				E1347E472AC43558008224CF /* Preview Assets.xcassets in Resources */,
				E1347E442AC43558008224CF /* Assets.xcassets in Resources */,
				E1FE623C2AEB5C3C00D1736C /* spruto lari.gif in Resources */,
			);
			runOnlyForDeploymentPostprocessing = 0;
		};
/* End PBXResourcesBuildPhase section */

/* Begin PBXSourcesBuildPhase section */
		6A3C861A2AEB6DB000D73FDF /* Sources */ = {
			isa = PBXSourcesBuildPhase;
			buildActionMask = 2147483647;
			files = (
				6A9585912AEE7390001AD5D8 /* GIFImage.swift in Sources */,
				9B5272AB2B0479E500E70AA7 /* Routes.swift in Sources */,
				6A9585952AEEBFDE001AD5D8 /* RouteDetailView.swift in Sources */,
				6A1000112B07A8B300B15BCD /* DuelItem.swift in Sources */,
				E1F12D2C2B0C54DF00F6ED9D /* Items.swift in Sources */,
				6A1000192B07A92F00B15BCD /* TimeLeft.swift in Sources */,
				9B5133192AFB3FB10002A5C0 /* ElapsedTimeView.swift in Sources */,
				6A1000132B07A8DE00B15BCD /* ItemStatus.swift in Sources */,
				9B5272AE2B04C4B500E70AA7 /* Utilities.swift in Sources */,
				6A0DFC712AFA85A400E0F324 /* InformationView.swift in Sources */,
				6A8E799E2AEF562500A927C3 /* PopUp.swift in Sources */,
				6A1000172B07A91B00B15BCD /* ScrollViewDuel.swift in Sources */,
				E1B78C352B0B1E570015C3B1 /* GameFromWatch.swift in Sources */,
				9B81019D2AFC84B300FA4E1A /* WatchToPhone.swift in Sources */,
				6A8E798C2AEED69800A927C3 /* RunViewTab.swift in Sources */,
				9B5272AA2B03E58C00E70AA7 /* NearestRouteCard.swift in Sources */,
				156FE4C92B028EAF00B67615 /* LandingPageView.swift in Sources */,
				9B5133162AFB31880002A5C0 /* WorkoutManager.swift in Sources */,
				6A9585932AEE7DC5001AD5D8 /* MapView.swift in Sources */,
				6A8E79A02AF203EC00A927C3 /* VerticalTabView.swift in Sources */,
				6A10001F2B07A96F00B15BCD /* DuelModeView.swift in Sources */,
				6A9585972AEEBFF3001AD5D8 /* RouteSheet.swift in Sources */,
				6A8E79942AEED7D800A927C3 /* RunMapView.swift in Sources */,
				6A8E799A2AEF4D4B00A927C3 /* FinishRunView.swift in Sources */,
				6A95859B2AEEC3F8001AD5D8 /* Button.swift in Sources */,
				6A8E798A2AEED65800A927C3 /* CountdownView.swift in Sources */,
				6A8E799C2AEF538E00A927C3 /* ItemProgress.swift in Sources */,
				6A9585992AEEC263001AD5D8 /* ElevationGraph.swift in Sources */,
				6A8E79962AEEDEE600A927C3 /* RunDirectionView.swift in Sources */,
				6A95859D2AEECC48001AD5D8 /* Countdown.swift in Sources */,
				E1B78C382B0B435C0015C3B1 /* GameFromWatch+MatchData.swift in Sources */,
				6A8E79902AEED7C400A927C3 /* RunMainView.swift in Sources */,
				6A10001D2B07A95F00B15BCD /* BoostView.swift in Sources */,
				6A10001B2B07A94D00B15BCD /* AttackedView.swift in Sources */,
				6A1000212B07A98C00B15BCD /* ResultView.swift in Sources */,
				6A3C86212AEB6DB000D73FDF /* DollarBillsWatchApp.swift in Sources */,
				6A8E79922AEED7CF00A927C3 /* RunMetricsView.swift in Sources */,
				6A95858A2AEE6FC0001AD5D8 /* LoadingView.swift in Sources */,
				9BBD127F2B09FC1200C6AEF3 /* RecentRouteCard.swift in Sources */,
				6A8E798E2AEED79F00A927C3 /* ControlView.swift in Sources */,
				6A1000152B07A8F900B15BCD /* Player.swift in Sources */,
				9B8101AA2B00A2BD00FA4E1A /* LocationManager.swift in Sources */,
			);
			runOnlyForDeploymentPostprocessing = 0;
		};
		E1347E382AC43557008224CF /* Sources */ = {
			isa = PBXSourcesBuildPhase;
			buildActionMask = 2147483647;
			files = (
				15B6CEEE2AFB3E680082118F /* DisconnectedView.swift in Sources */,
				6A0DFC972AFA986200E0F324 /* DuelAnimation.swift in Sources */,
				E1A093712AD7E8A000A8A4AC /* PauseRunView.swift in Sources */,
				15D24CBD2ADD32E300AFE89B /* ExploreView.swift in Sources */,
				E1FE623A2AEB5A6400D1736C /* GifImage.swift in Sources */,
				E1806C672AFA868A007A122A /* ROTWMapView.swift in Sources */,
				9BD93E492ACEC7CC004862F7 /* WorkoutMenuView.swift in Sources */,
				E168B9992ACD4C2200CF56D9 /* createMap.swift in Sources */,
				6A0DFC8A2AFA97EB00E0F324 /* ResultView.swift in Sources */,
				9BD93E4D2ACF209D004862F7 /* ViewExt.swift in Sources */,
				15A71DFC2B0114A3000517EF /* RealTimeGame.swift in Sources */,
				E1806C612AF942EE007A122A /* ViewModelExt.swift in Sources */,
				6A0DFC8D2AFA980900E0F324 /* TimePickerView.swift in Sources */,
				E1FE623E2AECBF4300D1736C /* SummaryDetailView.swift in Sources */,
				6A0DFC8F2AFA981800E0F324 /* ItemsSheet.swift in Sources */,
				15D24CBB2ADD328000AFE89B /* SegmentTabView.swift in Sources */,
				6A0DFC862AFA97C500E0F324 /* JoinRoomView.swift in Sources */,
				15A71DFD2B0114A3000517EF /* RealTimeGame+GKGameCenterViewController.swift in Sources */,
				E1941FFE2AE28F8500E29394 /* NearestToYouDetailView.swift in Sources */,
				E168B99D2ACD4CFA00CF56D9 /* MapView.swift in Sources */,
				6A0DFC842AFA97AE00E0F324 /* DuelView.swift in Sources */,
				9B08B0CB2AE76D2C00021F79 /* HeartRate.swift in Sources */,
				15A71DFA2B0114A3000517EF /* GameView.swift in Sources */,
				E194201F2AE916DF00E29394 /* SnapCarouselView.swift in Sources */,
				9BD93E3F2ACEB2CC004862F7 /* HKHelper.swift in Sources */,
				E195B66C2AE0D32E00FB32C1 /* Routes.swift in Sources */,
				9BD93E372ACEB177004862F7 /* Workout.swift in Sources */,
				E1806C632AF94884007A122A /* Supabase.swift in Sources */,
				E19420172AE668EA00E29394 /* RoutesOfTheWeek.swift in Sources */,
				153E11B82AE53F9200B173F5 /* LeaderboardView.swift in Sources */,
				15B6CEEC2AFB3C540082118F /* NetworkMonitor.swift in Sources */,
				6A0DFC7B2AFA96E600E0F324 /* RoomDatabase.swift in Sources */,
				E167969B2ADDA4A600340093 /* RouteCards.swift in Sources */,
				E19420002AE38C7E00E29394 /* NearestRouteDetailCard.swift in Sources */,
				9BD93E4F2ACF2248004862F7 /* ErrorView.swift in Sources */,
				E19420042AE40DBE00E29394 /* CountdownView.swift in Sources */,
				E1563EB42AFB9B1E00BDD638 /* LobbyPlayerName.swift in Sources */,
				6A0DFC952AFA985100E0F324 /* ShareLink.swift in Sources */,
				E1806C5F2AF93C0C007A122A /* SupaExt.swift in Sources */,
				15D24C412AD5D23C00AFE89B /* CustomContent.swift in Sources */,
				E195B6722AE219DA00FB32C1 /* QokkaPickCard.swift in Sources */,
				E1BBAD452B06593000EA9140 /* RequestURL.swift in Sources */,
				E1BBAD412B036E0800EA9140 /* JWT.swift in Sources */,
				9BD93E472ACEC20F004862F7 /* PermissionView.swift in Sources */,
				E16796932AD94B8E00340093 /* OnboardingView.swift in Sources */,
				15A71DF92B0114A3000517EF /* ContentView2.swift in Sources */,
				E15C45962AF4940200D215AB /* LeaderboardDetailView.swift in Sources */,
				15A71DFB2B0114A3000517EF /* RealTimeGame+Friends.swift in Sources */,
				E16796902AD8E27600340093 /* ExtensionColor.swift in Sources */,
				9BD93E432ACEB615004862F7 /* WorkoutDate.swift in Sources */,
				9BD93E3A2ACEB1CC004862F7 /* CLLocation.swift in Sources */,
				15A71DF72B0114A3000517EF /* FriendsView.swift in Sources */,
				E1806C652AF9E0D8007A122A /* SupaModel.swift in Sources */,
				15D24C3F2AD5D20F00AFE89B /* RouteSheet.swift in Sources */,
				9B29AA1F2AD7B362007DBEA5 /* RunView.swift in Sources */,
				E1347E422AC43557008224CF /* ContentView.swift in Sources */,
				6A0DFC822AFA978E00E0F324 /* LandingPageView.swift in Sources */,
				15A71DFF2B0114A3000517EF /* RealTimeGame+MatchData.swift in Sources */,
				6A0DFC792AFA96D500E0F324 /* RoomManager.swift in Sources */,
				150CC29B2AEB747900527BED /* ItemDetailView.swift in Sources */,
				6A0DFC7D2AFA974800E0F324 /* CreateRoomView.swift in Sources */,
				15D24C432AD6942E00AFE89B /* ViewModel.swift in Sources */,
				6A0DFC912AFA983000E0F324 /* ChosenItemContainer.swift in Sources */,
				6A0DFC882AFA97D900E0F324 /* ChooseItemView.swift in Sources */,
				E1563EB22AFB2DC100BDD638 /* ROTWSheet.swift in Sources */,
				E1563EB62AFC0DBA00BDD638 /* TimePicker.swift in Sources */,
				15A71DF52B0114A3000517EF /* RealTimeGame+GKMatchmakerViewControllerDelegate.swift in Sources */,
				15A71DFE2B0114A3000517EF /* RealTimeGame+GKLocalPlayerListener.swift in Sources */,
				15D24CB92ADD325700AFE89B /* MainView.swift in Sources */,
				E15C459A2AF7FE2700D215AB /* Duel.swift in Sources */,
				6A0DFC932AFA984100E0F324 /* ItemDescriptionContainer.swift in Sources */,
				15D24D152AE0FA9400AFE89B /* DuelModeView.swift in Sources */,
				E15C45942AF3AA8D00D215AB /* Haptics.swift in Sources */,
				153E11B42AE53C5600B173F5 /* Summary View.swift in Sources */,
				15A71DF62B0114A3000517EF /* RealTimeGame+GKMatchDelegate.swift in Sources */,
				6A0DFC992AFA987500E0F324 /* LoadingAnimation.swift in Sources */,
				E1347E402AC43557008224CF /* DollarBillsApp.swift in Sources */,
				E1B78C3A2B0B50420015C3B1 /* RealTimeGame+Watch.swift in Sources */,
				15D24CBF2ADD372400AFE89B /* ActivityView.swift in Sources */,
				E168B99F2ACEAAE400CF56D9 /* Items.swift in Sources */,
				E168B99B2ACD4C5400CF56D9 /* Utilities.swift in Sources */,
				9B81019F2AFC98EB00FA4E1A /* PhoneToWatch.swift in Sources */,
				9BD93E592ACFFD73004862F7 /* WorkoutBar.swift in Sources */,
				E195B66E2AE0EFEE00FB32C1 /* NearestRouteCard.swift in Sources */,
				9BD93E3D2ACEB1EE004862F7 /* Date.swift in Sources */,
				9BD93E452ACEB6EB004862F7 /* MyError.swift in Sources */,
				6A0DFC802AFA977C00E0F324 /* LobbyView.swift in Sources */,
				15D24D172AE0FAB600AFE89B /* ProfileView.swift in Sources */,
				6A0DFC772AFA96C500E0F324 /* Room.swift in Sources */,
			);
			runOnlyForDeploymentPostprocessing = 0;
		};
/* End PBXSourcesBuildPhase section */

/* Begin PBXTargetDependency section */
		6A3C862A2AEB6DB100D73FDF /* PBXTargetDependency */ = {
			isa = PBXTargetDependency;
			target = 6A3C861D2AEB6DB000D73FDF /* DollarBillsWatch Watch App */;
			targetProxy = 6A3C86292AEB6DB100D73FDF /* PBXContainerItemProxy */;
		};
/* End PBXTargetDependency section */

/* Begin XCBuildConfiguration section */
		6A3C862D2AEB6DB100D73FDF /* Debug */ = {
			isa = XCBuildConfiguration;
			buildSettings = {
				ASSETCATALOG_COMPILER_APPICON_NAME = AppIcon;
				ASSETCATALOG_COMPILER_GENERATE_SWIFT_ASSET_SYMBOL_EXTENSIONS = YES;
				ASSETCATALOG_COMPILER_GLOBAL_ACCENT_COLOR_NAME = AccentColor;
				CODE_SIGN_ENTITLEMENTS = "DollarBillsWatch Watch App/DollarBillsWatch Watch App.entitlements";
				CODE_SIGN_STYLE = Automatic;
				CURRENT_PROJECT_VERSION = 1;
				DEVELOPMENT_ASSET_PATHS = "\"DollarBillsWatch Watch App/Preview Content\"";
				DEVELOPMENT_TEAM = BVKAMN7JUV;
				ENABLE_PREVIEWS = YES;
				GCC_C_LANGUAGE_STANDARD = gnu17;
				GENERATE_INFOPLIST_FILE = YES;
				INFOPLIST_FILE = "DollarBillsWatch-Watch-App-Info.plist";
				INFOPLIST_KEY_CFBundleDisplayName = Furthr;
				INFOPLIST_KEY_NSHealthShareUsageDescription = "Furthr needs permission to read to your Health Data to display the workouts you record and heart rate health.";
				INFOPLIST_KEY_NSHealthUpdateUsageDescription = "Furthr needs permission to write to your Health Data to save the workouts you record and heart rate health.";
				INFOPLIST_KEY_NSLocationUsageDescription = "This app needs to access your location.";
				INFOPLIST_KEY_NSLocationWhenInUseUsageDescription = "This app needs to access your location.";
				INFOPLIST_KEY_UISupportedInterfaceOrientations = "UIInterfaceOrientationPortrait UIInterfaceOrientationPortraitUpsideDown";
				INFOPLIST_KEY_WKCompanionAppBundleIdentifier = com.DollarBills.Furthr;
				LD_RUNPATH_SEARCH_PATHS = (
					"$(inherited)",
					"@executable_path/Frameworks",
				);
				LOCALIZATION_PREFERS_STRING_CATALOGS = YES;
				MARKETING_VERSION = 1.0;
				PRODUCT_BUNDLE_IDENTIFIER = com.DollarBills.Furthr.watchkitapp;
				PRODUCT_NAME = "$(TARGET_NAME)";
				SDKROOT = watchos;
				SKIP_INSTALL = YES;
				SWIFT_ACTIVE_COMPILATION_CONDITIONS = "DEBUG $(inherited)";
				SWIFT_EMIT_LOC_STRINGS = YES;
				SWIFT_VERSION = 5.0;
				TARGETED_DEVICE_FAMILY = 4;
				WATCHOS_DEPLOYMENT_TARGET = 10.0;
			};
			name = Debug;
		};
		6A3C862E2AEB6DB100D73FDF /* Release */ = {
			isa = XCBuildConfiguration;
			buildSettings = {
				ASSETCATALOG_COMPILER_APPICON_NAME = AppIcon;
				ASSETCATALOG_COMPILER_GENERATE_SWIFT_ASSET_SYMBOL_EXTENSIONS = YES;
				ASSETCATALOG_COMPILER_GLOBAL_ACCENT_COLOR_NAME = AccentColor;
				CODE_SIGN_ENTITLEMENTS = "DollarBillsWatch Watch App/DollarBillsWatch Watch App.entitlements";
				CODE_SIGN_STYLE = Automatic;
				CURRENT_PROJECT_VERSION = 1;
				DEVELOPMENT_ASSET_PATHS = "\"DollarBillsWatch Watch App/Preview Content\"";
				DEVELOPMENT_TEAM = BVKAMN7JUV;
				ENABLE_PREVIEWS = YES;
				GCC_C_LANGUAGE_STANDARD = gnu17;
				GENERATE_INFOPLIST_FILE = YES;
				INFOPLIST_FILE = "DollarBillsWatch-Watch-App-Info.plist";
				INFOPLIST_KEY_CFBundleDisplayName = Furthr;
				INFOPLIST_KEY_NSHealthShareUsageDescription = "Furthr needs permission to read to your Health Data to display the workouts you record and heart rate health.";
				INFOPLIST_KEY_NSHealthUpdateUsageDescription = "Furthr needs permission to write to your Health Data to save the workouts you record and heart rate health.";
				INFOPLIST_KEY_NSLocationUsageDescription = "This app needs to access your location.";
				INFOPLIST_KEY_NSLocationWhenInUseUsageDescription = "This app needs to access your location.";
				INFOPLIST_KEY_UISupportedInterfaceOrientations = "UIInterfaceOrientationPortrait UIInterfaceOrientationPortraitUpsideDown";
				INFOPLIST_KEY_WKCompanionAppBundleIdentifier = com.DollarBills.Furthr;
				LD_RUNPATH_SEARCH_PATHS = (
					"$(inherited)",
					"@executable_path/Frameworks",
				);
				LOCALIZATION_PREFERS_STRING_CATALOGS = YES;
				MARKETING_VERSION = 1.0;
				PRODUCT_BUNDLE_IDENTIFIER = com.DollarBills.Furthr.watchkitapp;
				PRODUCT_NAME = "$(TARGET_NAME)";
				SDKROOT = watchos;
				SKIP_INSTALL = YES;
				SWIFT_EMIT_LOC_STRINGS = YES;
				SWIFT_VERSION = 5.0;
				TARGETED_DEVICE_FAMILY = 4;
				WATCHOS_DEPLOYMENT_TARGET = 10.0;
			};
			name = Release;
		};
		E1347E482AC43558008224CF /* Debug */ = {
			isa = XCBuildConfiguration;
			buildSettings = {
				ALWAYS_SEARCH_USER_PATHS = NO;
				CLANG_ANALYZER_NONNULL = YES;
				CLANG_ANALYZER_NUMBER_OBJECT_CONVERSION = YES_AGGRESSIVE;
				CLANG_CXX_LANGUAGE_STANDARD = "gnu++20";
				CLANG_ENABLE_MODULES = YES;
				CLANG_ENABLE_OBJC_ARC = YES;
				CLANG_ENABLE_OBJC_WEAK = YES;
				CLANG_WARN_BLOCK_CAPTURE_AUTORELEASING = YES;
				CLANG_WARN_BOOL_CONVERSION = YES;
				CLANG_WARN_COMMA = YES;
				CLANG_WARN_CONSTANT_CONVERSION = YES;
				CLANG_WARN_DEPRECATED_OBJC_IMPLEMENTATIONS = YES;
				CLANG_WARN_DIRECT_OBJC_ISA_USAGE = YES_ERROR;
				CLANG_WARN_DOCUMENTATION_COMMENTS = YES;
				CLANG_WARN_EMPTY_BODY = YES;
				CLANG_WARN_ENUM_CONVERSION = YES;
				CLANG_WARN_INFINITE_RECURSION = YES;
				CLANG_WARN_INT_CONVERSION = YES;
				CLANG_WARN_NON_LITERAL_NULL_CONVERSION = YES;
				CLANG_WARN_OBJC_IMPLICIT_RETAIN_SELF = YES;
				CLANG_WARN_OBJC_LITERAL_CONVERSION = YES;
				CLANG_WARN_OBJC_ROOT_CLASS = YES_ERROR;
				CLANG_WARN_QUOTED_INCLUDE_IN_FRAMEWORK_HEADER = YES;
				CLANG_WARN_RANGE_LOOP_ANALYSIS = YES;
				CLANG_WARN_STRICT_PROTOTYPES = YES;
				CLANG_WARN_SUSPICIOUS_MOVE = YES;
				CLANG_WARN_UNGUARDED_AVAILABILITY = YES_AGGRESSIVE;
				CLANG_WARN_UNREACHABLE_CODE = YES;
				CLANG_WARN__DUPLICATE_METHOD_MATCH = YES;
				COPY_PHASE_STRIP = NO;
				DEBUG_INFORMATION_FORMAT = dwarf;
				ENABLE_STRICT_OBJC_MSGSEND = YES;
				ENABLE_TESTABILITY = YES;
				ENABLE_USER_SCRIPT_SANDBOXING = YES;
				GCC_C_LANGUAGE_STANDARD = gnu11;
				GCC_DYNAMIC_NO_PIC = NO;
				GCC_NO_COMMON_BLOCKS = YES;
				GCC_OPTIMIZATION_LEVEL = 0;
				GCC_PREPROCESSOR_DEFINITIONS = (
					"DEBUG=1",
					"$(inherited)",
				);
				GCC_WARN_64_TO_32_BIT_CONVERSION = YES;
				GCC_WARN_ABOUT_RETURN_TYPE = YES_ERROR;
				GCC_WARN_UNDECLARED_SELECTOR = YES;
				GCC_WARN_UNINITIALIZED_AUTOS = YES_AGGRESSIVE;
				GCC_WARN_UNUSED_FUNCTION = YES;
				GCC_WARN_UNUSED_VARIABLE = YES;
				MTL_ENABLE_DEBUG_INFO = INCLUDE_SOURCE;
				MTL_FAST_MATH = YES;
				ONLY_ACTIVE_ARCH = YES;
				SDKROOT = iphoneos;
				SWIFT_ACTIVE_COMPILATION_CONDITIONS = DEBUG;
				SWIFT_OPTIMIZATION_LEVEL = "-Onone";
			};
			name = Debug;
		};
		E1347E492AC43558008224CF /* Release */ = {
			isa = XCBuildConfiguration;
			buildSettings = {
				ALWAYS_SEARCH_USER_PATHS = NO;
				CLANG_ANALYZER_NONNULL = YES;
				CLANG_ANALYZER_NUMBER_OBJECT_CONVERSION = YES_AGGRESSIVE;
				CLANG_CXX_LANGUAGE_STANDARD = "gnu++20";
				CLANG_ENABLE_MODULES = YES;
				CLANG_ENABLE_OBJC_ARC = YES;
				CLANG_ENABLE_OBJC_WEAK = YES;
				CLANG_WARN_BLOCK_CAPTURE_AUTORELEASING = YES;
				CLANG_WARN_BOOL_CONVERSION = YES;
				CLANG_WARN_COMMA = YES;
				CLANG_WARN_CONSTANT_CONVERSION = YES;
				CLANG_WARN_DEPRECATED_OBJC_IMPLEMENTATIONS = YES;
				CLANG_WARN_DIRECT_OBJC_ISA_USAGE = YES_ERROR;
				CLANG_WARN_DOCUMENTATION_COMMENTS = YES;
				CLANG_WARN_EMPTY_BODY = YES;
				CLANG_WARN_ENUM_CONVERSION = YES;
				CLANG_WARN_INFINITE_RECURSION = YES;
				CLANG_WARN_INT_CONVERSION = YES;
				CLANG_WARN_NON_LITERAL_NULL_CONVERSION = YES;
				CLANG_WARN_OBJC_IMPLICIT_RETAIN_SELF = YES;
				CLANG_WARN_OBJC_LITERAL_CONVERSION = YES;
				CLANG_WARN_OBJC_ROOT_CLASS = YES_ERROR;
				CLANG_WARN_QUOTED_INCLUDE_IN_FRAMEWORK_HEADER = YES;
				CLANG_WARN_RANGE_LOOP_ANALYSIS = YES;
				CLANG_WARN_STRICT_PROTOTYPES = YES;
				CLANG_WARN_SUSPICIOUS_MOVE = YES;
				CLANG_WARN_UNGUARDED_AVAILABILITY = YES_AGGRESSIVE;
				CLANG_WARN_UNREACHABLE_CODE = YES;
				CLANG_WARN__DUPLICATE_METHOD_MATCH = YES;
				COPY_PHASE_STRIP = NO;
				DEBUG_INFORMATION_FORMAT = "dwarf-with-dsym";
				ENABLE_NS_ASSERTIONS = NO;
				ENABLE_STRICT_OBJC_MSGSEND = YES;
				ENABLE_USER_SCRIPT_SANDBOXING = YES;
				GCC_C_LANGUAGE_STANDARD = gnu11;
				GCC_NO_COMMON_BLOCKS = YES;
				GCC_WARN_64_TO_32_BIT_CONVERSION = YES;
				GCC_WARN_ABOUT_RETURN_TYPE = YES_ERROR;
				GCC_WARN_UNDECLARED_SELECTOR = YES;
				GCC_WARN_UNINITIALIZED_AUTOS = YES_AGGRESSIVE;
				GCC_WARN_UNUSED_FUNCTION = YES;
				GCC_WARN_UNUSED_VARIABLE = YES;
				MTL_ENABLE_DEBUG_INFO = NO;
				MTL_FAST_MATH = YES;
				SDKROOT = iphoneos;
				SWIFT_COMPILATION_MODE = wholemodule;
				SWIFT_OPTIMIZATION_LEVEL = "-O";
				VALIDATE_PRODUCT = YES;
			};
			name = Release;
		};
		E1347E4B2AC43558008224CF /* Debug */ = {
			isa = XCBuildConfiguration;
			buildSettings = {
				ALWAYS_EMBED_SWIFT_STANDARD_LIBRARIES = YES;
				ASSETCATALOG_COMPILER_APPICON_NAME = AppIcon;
				ASSETCATALOG_COMPILER_GLOBAL_ACCENT_COLOR_NAME = AccentColor;
				CODE_SIGN_ENTITLEMENTS = DollarBills/DollarBills.entitlements;
				CODE_SIGN_IDENTITY = "Apple Development";
				CODE_SIGN_STYLE = Automatic;
				CURRENT_PROJECT_VERSION = 1;
				DEVELOPMENT_ASSET_PATHS = "\"DollarBills/Preview Content\"";
				DEVELOPMENT_TEAM = BVKAMN7JUV;
				ENABLE_PREVIEWS = YES;
				GENERATE_INFOPLIST_FILE = YES;
				INFOPLIST_FILE = DollarBills/Info.plist;
				INFOPLIST_KEY_CFBundleDisplayName = Furthr;
				INFOPLIST_KEY_NSHealthShareUsageDescription = "Furthr needs permission to write to your Health Data to save the workouts you record and heart rate health.";
				INFOPLIST_KEY_NSHealthUpdateUsageDescription = "Furthr needs permission to read to your Health Data to display the workouts you record.";
				INFOPLIST_KEY_NSLocationWhenInUseUsageDescription = "This app needs to access your location.";
				INFOPLIST_KEY_UIApplicationSceneManifest_Generation = YES;
				INFOPLIST_KEY_UIApplicationSupportsIndirectInputEvents = YES;
				INFOPLIST_KEY_UILaunchScreen_Generation = YES;
				INFOPLIST_KEY_UISupportedInterfaceOrientations_iPad = "UIInterfaceOrientationPortrait UIInterfaceOrientationPortraitUpsideDown UIInterfaceOrientationLandscapeLeft UIInterfaceOrientationLandscapeRight";
				INFOPLIST_KEY_UISupportedInterfaceOrientations_iPhone = "UIInterfaceOrientationPortrait UIInterfaceOrientationLandscapeLeft UIInterfaceOrientationLandscapeRight";
				IPHONEOS_DEPLOYMENT_TARGET = 17.0;
				LD_RUNPATH_SEARCH_PATHS = (
					"$(inherited)",
					"@executable_path/Frameworks",
				);
				MARKETING_VERSION = 1.0;
				PRODUCT_BUNDLE_IDENTIFIER = com.DollarBills.Furthr;
				PRODUCT_NAME = "$(TARGET_NAME)";
				PROVISIONING_PROFILE_SPECIFIER = "";
				SWIFT_EMIT_LOC_STRINGS = YES;
				SWIFT_VERSION = 5.0;
				TARGETED_DEVICE_FAMILY = 1;
			};
			name = Debug;
		};
		E1347E4C2AC43558008224CF /* Release */ = {
			isa = XCBuildConfiguration;
			buildSettings = {
				ALWAYS_EMBED_SWIFT_STANDARD_LIBRARIES = YES;
				ASSETCATALOG_COMPILER_APPICON_NAME = AppIcon;
				ASSETCATALOG_COMPILER_GLOBAL_ACCENT_COLOR_NAME = AccentColor;
				CODE_SIGN_ENTITLEMENTS = DollarBills/DollarBills.entitlements;
				CODE_SIGN_IDENTITY = "Apple Development";
				CODE_SIGN_STYLE = Automatic;
				CURRENT_PROJECT_VERSION = 1;
				DEVELOPMENT_ASSET_PATHS = "\"DollarBills/Preview Content\"";
				DEVELOPMENT_TEAM = BVKAMN7JUV;
				ENABLE_PREVIEWS = YES;
				GENERATE_INFOPLIST_FILE = YES;
				INFOPLIST_FILE = DollarBills/Info.plist;
				INFOPLIST_KEY_CFBundleDisplayName = Furthr;
				INFOPLIST_KEY_NSHealthShareUsageDescription = "Furthr needs permission to write to your Health Data to save the workouts you record and heart rate health.";
				INFOPLIST_KEY_NSHealthUpdateUsageDescription = "Furthr needs permission to read to your Health Data to display the workouts you record.";
				INFOPLIST_KEY_NSLocationWhenInUseUsageDescription = "This app needs to access your location.";
				INFOPLIST_KEY_UIApplicationSceneManifest_Generation = YES;
				INFOPLIST_KEY_UIApplicationSupportsIndirectInputEvents = YES;
				INFOPLIST_KEY_UILaunchScreen_Generation = YES;
				INFOPLIST_KEY_UISupportedInterfaceOrientations_iPad = "UIInterfaceOrientationPortrait UIInterfaceOrientationPortraitUpsideDown UIInterfaceOrientationLandscapeLeft UIInterfaceOrientationLandscapeRight";
				INFOPLIST_KEY_UISupportedInterfaceOrientations_iPhone = "UIInterfaceOrientationPortrait UIInterfaceOrientationLandscapeLeft UIInterfaceOrientationLandscapeRight";
				IPHONEOS_DEPLOYMENT_TARGET = 17.0;
				LD_RUNPATH_SEARCH_PATHS = (
					"$(inherited)",
					"@executable_path/Frameworks",
				);
				MARKETING_VERSION = 1.0;
				PRODUCT_BUNDLE_IDENTIFIER = com.DollarBills.Furthr;
				PRODUCT_NAME = "$(TARGET_NAME)";
				PROVISIONING_PROFILE_SPECIFIER = "";
				SWIFT_EMIT_LOC_STRINGS = YES;
				SWIFT_VERSION = 5.0;
				TARGETED_DEVICE_FAMILY = 1;
			};
			name = Release;
		};
/* End XCBuildConfiguration section */

/* Begin XCConfigurationList section */
		6A3C862C2AEB6DB100D73FDF /* Build configuration list for PBXNativeTarget "DollarBillsWatch Watch App" */ = {
			isa = XCConfigurationList;
			buildConfigurations = (
				6A3C862D2AEB6DB100D73FDF /* Debug */,
				6A3C862E2AEB6DB100D73FDF /* Release */,
			);
			defaultConfigurationIsVisible = 0;
			defaultConfigurationName = Release;
		};
		E1347E372AC43557008224CF /* Build configuration list for PBXProject "DollarBills" */ = {
			isa = XCConfigurationList;
			buildConfigurations = (
				E1347E482AC43558008224CF /* Debug */,
				E1347E492AC43558008224CF /* Release */,
			);
			defaultConfigurationIsVisible = 0;
			defaultConfigurationName = Release;
		};
		E1347E4A2AC43558008224CF /* Build configuration list for PBXNativeTarget "DollarBills" */ = {
			isa = XCConfigurationList;
			buildConfigurations = (
				E1347E4B2AC43558008224CF /* Debug */,
				E1347E4C2AC43558008224CF /* Release */,
			);
			defaultConfigurationIsVisible = 0;
			defaultConfigurationName = Release;
		};
/* End XCConfigurationList section */

/* Begin XCRemoteSwiftPackageReference section */
		E1806C592AF8EE88007A122A /* XCRemoteSwiftPackageReference "supabase-swift" */ = {
			isa = XCRemoteSwiftPackageReference;
			repositoryURL = "https://github.com/supabase/supabase-swift.git";
			requirement = {
				kind = upToNextMajorVersion;
				minimumVersion = 0.3.0;
			};
		};
		E1BBAD432B06533D00EA9140 /* XCRemoteSwiftPackageReference "Swift-JWT" */ = {
			isa = XCRemoteSwiftPackageReference;
			repositoryURL = "https://github.com/Kitura/Swift-JWT";
			requirement = {
				kind = upToNextMajorVersion;
				minimumVersion = 4.0.1;
			};
		};
/* End XCRemoteSwiftPackageReference section */

/* Begin XCSwiftPackageProductDependency section */
		E1806C5A2AF8EE88007A122A /* Supabase */ = {
			isa = XCSwiftPackageProductDependency;
			package = E1806C592AF8EE88007A122A /* XCRemoteSwiftPackageReference "supabase-swift" */;
			productName = Supabase;
		};
		E1BBAD462B0724A600EA9140 /* SwiftJWT */ = {
			isa = XCSwiftPackageProductDependency;
			package = E1BBAD432B06533D00EA9140 /* XCRemoteSwiftPackageReference "Swift-JWT" */;
			productName = SwiftJWT;
		};
/* End XCSwiftPackageProductDependency section */
	};
	rootObject = E1347E342AC43557008224CF /* Project object */;
}
